{
  "version": 4,
  "terraform_version": "1.11.2",
  "serial": 79,
  "lineage": "aac6bebc-57a4-4d4e-7c41-963a9d5f137b",
  "outputs": {
    "vnet_eastus_id": {
      "value": "/subscriptions/d1d0c4e7-df3f-41e7-bab1-56d09aecad39/resourceGroups/bdo-rg-dev/providers/Microsoft.Network/virtualNetworks/bdo-vnet-pvwi-dev",
      "type": "string"
    },
    "vnet_southeastasia_id": {
      "value": "/subscriptions/d1d0c4e7-df3f-41e7-bab1-56d09aecad39/resourceGroups/bdo-rg-test/providers/Microsoft.Network/virtualNetworks/bdo-vnet-pvwi-test",
      "type": "string"
    },
    "vnet_westeurope_id": {
      "value": "/subscriptions/d1d0c4e7-df3f-41e7-bab1-56d09aecad39/resourceGroups/bdo-rg-prod/providers/Microsoft.Network/virtualNetworks/bdo-vnet-pvwi-prod",
      "type": "string"
    }
  },
  "resources": [
    {
      "mode": "managed",
      "type": "azurerm_resource_group",
      "name": "this",
      "provider": "provider[\"registry.terraform.io/hashicorp/azurerm\"]",
      "instances": [
        {
          "index_key": "eastus",
          "schema_version": 0,
          "attributes": {
            "id": "/subscriptions/d1d0c4e7-df3f-41e7-bab1-56d09aecad39/resourceGroups/bdo-rg-dev",
            "location": "eastus",
            "managed_by": "",
            "name": "bdo-rg-dev",
            "tags": {},
            "timeouts": null
          },
          "sensitive_attributes": [],
          "private": "eyJlMmJmYjczMC1lY2FhLTExZTYtOGY4OC0zNDM2M2JjN2M0YzAiOnsiY3JlYXRlIjo1NDAwMDAwMDAwMDAwLCJkZWxldGUiOjU0MDAwMDAwMDAwMDAsInJlYWQiOjMwMDAwMDAwMDAwMCwidXBkYXRlIjo1NDAwMDAwMDAwMDAwfX0="
        },
        {
          "index_key": "southeastasia",
          "schema_version": 0,
          "attributes": {
            "id": "/subscriptions/d1d0c4e7-df3f-41e7-bab1-56d09aecad39/resourceGroups/bdo-rg-test",
            "location": "southeastasia",
            "managed_by": "",
            "name": "bdo-rg-test",
            "tags": {},
            "timeouts": null
          },
          "sensitive_attributes": [],
          "private": "eyJlMmJmYjczMC1lY2FhLTExZTYtOGY4OC0zNDM2M2JjN2M0YzAiOnsiY3JlYXRlIjo1NDAwMDAwMDAwMDAwLCJkZWxldGUiOjU0MDAwMDAwMDAwMDAsInJlYWQiOjMwMDAwMDAwMDAwMCwidXBkYXRlIjo1NDAwMDAwMDAwMDAwfX0="
        },
        {
          "index_key": "westeurope",
          "schema_version": 0,
          "attributes": {
            "id": "/subscriptions/d1d0c4e7-df3f-41e7-bab1-56d09aecad39/resourceGroups/bdo-rg-prod",
            "location": "westeurope",
            "managed_by": "",
            "name": "bdo-rg-prod",
            "tags": {},
            "timeouts": null
          },
          "sensitive_attributes": [],
          "private": "eyJlMmJmYjczMC1lY2FhLTExZTYtOGY4OC0zNDM2M2JjN2M0YzAiOnsiY3JlYXRlIjo1NDAwMDAwMDAwMDAwLCJkZWxldGUiOjU0MDAwMDAwMDAwMDAsInJlYWQiOjMwMDAwMDAwMDAwMCwidXBkYXRlIjo1NDAwMDAwMDAwMDAwfX0="
        }
      ]
    },
    {
      "module": "module.naming",
      "mode": "managed",
      "type": "random_string",
      "name": "first_letter",
      "provider": "provider[\"registry.terraform.io/hashicorp/random\"]",
      "instances": [
        {
          "schema_version": 2,
          "attributes": {
            "id": "p",
            "keepers": null,
            "length": 1,
            "lower": true,
            "min_lower": 0,
            "min_numeric": 0,
            "min_special": 0,
            "min_upper": 0,
            "number": false,
            "numeric": false,
            "override_special": null,
            "result": "p",
            "special": false,
            "upper": false
          },
          "sensitive_attributes": []
        }
      ]
    },
    {
      "module": "module.naming",
      "mode": "managed",
      "type": "random_string",
      "name": "main",
      "provider": "provider[\"registry.terraform.io/hashicorp/random\"]",
      "instances": [
        {
          "schema_version": 2,
          "attributes": {
            "id": "vwixtr4kz8ikh877enogv8658c8wdzkkya80ben09i44xctlvtq3ky36md29",
            "keepers": null,
            "length": 60,
            "lower": true,
            "min_lower": 0,
            "min_numeric": 0,
            "min_special": 0,
            "min_upper": 0,
            "number": true,
            "numeric": true,
            "override_special": null,
            "result": "vwixtr4kz8ikh877enogv8658c8wdzkkya80ben09i44xctlvtq3ky36md29",
            "special": false,
            "upper": false
          },
          "sensitive_attributes": []
        }
      ]
    },
    {
      "module": "module.regions",
      "mode": "data",
      "type": "azurerm_client_config",
      "name": "current",
      "provider": "provider[\"registry.terraform.io/hashicorp/azurerm\"]",
      "instances": [
        {
          "schema_version": 0,
          "attributes": {
            "client_id": "04b07795-8ddb-461a-bbee-02f9e1bf7b46",
            "id": "Y2xpZW50Q29uZmlncy9jbGllbnRJZD0wNGIwNzc5NS04ZGRiLTQ2MWEtYmJlZS0wMmY5ZTFiZjdiNDY7b2JqZWN0SWQ9YzIzYmQ0MjItZWIyNy00YzYwLWFkMWYtYWE1MzgyNGUyMjYxO3N1YnNjcmlwdGlvbklkPWQxZDBjNGU3LWRmM2YtNDFlNy1iYWIxLTU2ZDA5YWVjYWQzOTt0ZW5hbnRJZD04MDRhZThlZS0wNjkyLTRmNDktYjNhYy00ZDQ5ZjVkMjA2MDA=",
            "object_id": "c23bd422-eb27-4c60-ad1f-aa53824e2261",
            "subscription_id": "d1d0c4e7-df3f-41e7-bab1-56d09aecad39",
            "tenant_id": "804ae8ee-0692-4f49-b3ac-4d49f5d20600",
            "timeouts": null
          },
          "sensitive_attributes": []
        }
      ]
    },
    {
      "module": "module.vnet[\"eastus\"]",
      "mode": "data",
      "type": "azurerm_client_config",
      "name": "telemetry",
      "provider": "provider[\"registry.terraform.io/hashicorp/azurerm\"]",
      "instances": [
        {
          "index_key": 0,
          "schema_version": 0,
          "attributes": {
            "client_id": "04b07795-8ddb-461a-bbee-02f9e1bf7b46",
            "id": "Y2xpZW50Q29uZmlncy9jbGllbnRJZD0wNGIwNzc5NS04ZGRiLTQ2MWEtYmJlZS0wMmY5ZTFiZjdiNDY7b2JqZWN0SWQ9YzIzYmQ0MjItZWIyNy00YzYwLWFkMWYtYWE1MzgyNGUyMjYxO3N1YnNjcmlwdGlvbklkPWQxZDBjNGU3LWRmM2YtNDFlNy1iYWIxLTU2ZDA5YWVjYWQzOTt0ZW5hbnRJZD04MDRhZThlZS0wNjkyLTRmNDktYjNhYy00ZDQ5ZjVkMjA2MDA=",
            "object_id": "c23bd422-eb27-4c60-ad1f-aa53824e2261",
            "subscription_id": "d1d0c4e7-df3f-41e7-bab1-56d09aecad39",
            "tenant_id": "804ae8ee-0692-4f49-b3ac-4d49f5d20600",
            "timeouts": null
          },
          "sensitive_attributes": []
        }
      ]
    },
    {
      "module": "module.vnet[\"eastus\"]",
      "mode": "data",
      "type": "azurerm_client_config",
      "name": "this",
      "provider": "provider[\"registry.terraform.io/hashicorp/azurerm\"]",
      "instances": [
        {
          "schema_version": 0,
          "attributes": {
            "client_id": "04b07795-8ddb-461a-bbee-02f9e1bf7b46",
            "id": "Y2xpZW50Q29uZmlncy9jbGllbnRJZD0wNGIwNzc5NS04ZGRiLTQ2MWEtYmJlZS0wMmY5ZTFiZjdiNDY7b2JqZWN0SWQ9YzIzYmQ0MjItZWIyNy00YzYwLWFkMWYtYWE1MzgyNGUyMjYxO3N1YnNjcmlwdGlvbklkPWQxZDBjNGU3LWRmM2YtNDFlNy1iYWIxLTU2ZDA5YWVjYWQzOTt0ZW5hbnRJZD04MDRhZThlZS0wNjkyLTRmNDktYjNhYy00ZDQ5ZjVkMjA2MDA=",
            "object_id": "c23bd422-eb27-4c60-ad1f-aa53824e2261",
            "subscription_id": "d1d0c4e7-df3f-41e7-bab1-56d09aecad39",
            "tenant_id": "804ae8ee-0692-4f49-b3ac-4d49f5d20600",
            "timeouts": null
          },
          "sensitive_attributes": []
        }
      ]
    },
    {
      "module": "module.vnet[\"eastus\"]",
      "mode": "data",
      "type": "modtm_module_source",
      "name": "telemetry",
      "provider": "provider[\"registry.terraform.io/azure/modtm\"]",
      "instances": [
        {
          "index_key": 0,
          "schema_version": 0,
          "attributes": {
            "module_path": ".terraform/modules/vnet",
            "module_source": "registry.terraform.io/Azure/avm-res-network-virtualnetwork/azurerm",
            "module_version": "0.8.1"
          },
          "sensitive_attributes": []
        }
      ]
    },
    {
      "module": "module.vnet[\"eastus\"]",
      "mode": "managed",
      "type": "azapi_resource",
      "name": "vnet",
      "provider": "provider[\"registry.terraform.io/azure/azapi\"]",
      "instances": [
        {
          "schema_version": 2,
          "attributes": {
            "body": {
              "value": {
                "extendedLocation": null,
                "properties": {
                  "addressSpace": {
                    "addressPrefixes": [
                      "10.0.0.0/16"
                    ]
                  },
                  "bgpCommunities": null,
                  "ddosProtectionPlan": null,
                  "dhcpOptions": null,
                  "enableDdosProtection": false,
                  "enableVmProtection": false,
                  "encryption": {
                    "enabled": true,
                    "enforcement": "AllowUnencrypted"
                  },
                  "flowTimeoutInMinutes": null
                }
              },
              "type": [
                "object",
                {
                  "extendedLocation": [
                    "object",
                    {
                      "name": "dynamic",
                      "type": "dynamic"
                    }
                  ],
                  "properties": [
                    "object",
                    {
                      "addressSpace": [
                        "object",
                        {
                          "addressPrefixes": [
                            "set",
                            "string"
                          ]
                        }
                      ],
                      "bgpCommunities": [
                        "object",
                        {
                          "virtualNetworkCommunity": "string"
                        }
                      ],
                      "ddosProtectionPlan": [
                        "object",
                        {
                          "id": "dynamic"
                        }
                      ],
                      "dhcpOptions": [
                        "object",
                        {
                          "dnsServers": "dynamic"
                        }
                      ],
                      "enableDdosProtection": "bool",
                      "enableVmProtection": "bool",
                      "encryption": [
                        "object",
                        {
                          "enabled": "bool",
                          "enforcement": "string"
                        }
                      ],
                      "flowTimeoutInMinutes": "number"
                    }
                  ]
                }
              ]
            },
            "create_headers": null,
            "create_query_parameters": null,
            "delete_headers": null,
            "delete_query_parameters": null,
            "id": "/subscriptions/d1d0c4e7-df3f-41e7-bab1-56d09aecad39/resourceGroups/bdo-rg-dev/providers/Microsoft.Network/virtualNetworks/bdo-vnet-pvwi-dev",
            "identity": [],
            "ignore_casing": false,
            "ignore_missing_property": true,
            "location": "eastus",
            "locks": null,
            "name": "bdo-vnet-pvwi-dev",
            "output": {
              "value": {
                "id": "/subscriptions/d1d0c4e7-df3f-41e7-bab1-56d09aecad39/resourceGroups/bdo-rg-dev/providers/Microsoft.Network/virtualNetworks/bdo-vnet-pvwi-dev",
                "properties": {
                  "addressSpace": {
                    "addressPrefixes": [
                      "10.0.0.0/16"
                    ]
                  },
                  "provisioningState": "Succeeded",
                  "resourceGuid": "bd66f0b8-1341-462f-991d-13711d79eb55"
                },
                "type": "Microsoft.Network/virtualNetworks"
              },
              "type": [
                "object",
                {
                  "id": "string",
                  "properties": [
                    "object",
                    {
                      "addressSpace": [
                        "object",
                        {
                          "addressPrefixes": [
                            "tuple",
                            [
                              "string"
                            ]
                          ]
                        }
                      ],
                      "provisioningState": "string",
                      "resourceGuid": "string"
                    }
                  ],
                  "type": "string"
                }
              ]
            },
            "parent_id": "/subscriptions/d1d0c4e7-df3f-41e7-bab1-56d09aecad39/resourceGroups/bdo-rg-dev",
            "read_headers": null,
            "read_query_parameters": null,
            "replace_triggers_external_values": null,
            "replace_triggers_refs": null,
            "response_export_values": null,
            "retry": null,
            "schema_validation_enabled": true,
            "sensitive_body": null,
            "tags": null,
            "timeouts": null,
            "type": "Microsoft.Network/virtualNetworks@2023-11-01",
            "update_headers": null,
            "update_query_parameters": null
          },
          "sensitive_attributes": [],
          "private": "eyJzZW5zaXRpdmVfYm9keSI6ImV5Sm9ZWE5vSWpvaVpFTk9UMjFMTDI1VFdTc3hNblpJZW1GelRGaHBjM2Q2YkVkVU5WVklRVGRxUVVkWmEzWnRRM1ZSY3owaWZRPT0ifQ==",
          "dependencies": [
            "azurerm_resource_group.this",
            "module.naming.random_string.first_letter",
            "module.naming.random_string.main",
            "module.vnet.azapi_update_resource.allow_drop_unencrypted_vnet",
            "module.vnet.data.azurerm_client_config.this"
          ]
        }
      ]
    },
    {
      "module": "module.vnet[\"eastus\"]",
      "mode": "managed",
      "type": "modtm_telemetry",
      "name": "telemetry",
      "provider": "provider[\"registry.terraform.io/azure/modtm\"]",
      "instances": [
        {
          "index_key": 0,
          "schema_version": 0,
          "attributes": {
            "endpoint": null,
            "ephemeral_number": null,
            "id": "e28e8c56-aedb-4415-adb2-fe01ba7f32e5",
            "nonce": null,
            "tags": {
              "module_source": "registry.terraform.io/Azure/avm-res-network-virtualnetwork/azurerm",
              "module_version": "0.8.1",
              "random_id": "6c1a5b62-401b-f152-43da-65ae73505ee9",
              "subscription_id": "d1d0c4e7-df3f-41e7-bab1-56d09aecad39",
              "tenant_id": "804ae8ee-0692-4f49-b3ac-4d49f5d20600"
            }
          },
          "sensitive_attributes": [],
          "dependencies": [
            "module.vnet.data.azurerm_client_config.telemetry",
            "module.vnet.data.modtm_module_source.telemetry",
            "module.vnet.random_uuid.telemetry"
          ]
        }
      ]
    },
    {
      "module": "module.vnet[\"eastus\"]",
      "mode": "managed",
      "type": "random_uuid",
      "name": "telemetry",
      "provider": "provider[\"registry.terraform.io/hashicorp/random\"]",
      "instances": [
        {
          "index_key": 0,
          "schema_version": 0,
          "attributes": {
            "id": "6c1a5b62-401b-f152-43da-65ae73505ee9",
            "keepers": null,
            "result": "6c1a5b62-401b-f152-43da-65ae73505ee9"
          },
          "sensitive_attributes": []
        }
      ]
    },
    {
      "module": "module.vnet[\"southeastasia\"]",
      "mode": "data",
      "type": "azurerm_client_config",
      "name": "telemetry",
      "provider": "provider[\"registry.terraform.io/hashicorp/azurerm\"]",
      "instances": [
        {
          "index_key": 0,
          "schema_version": 0,
          "attributes": {
            "client_id": "04b07795-8ddb-461a-bbee-02f9e1bf7b46",
            "id": "Y2xpZW50Q29uZmlncy9jbGllbnRJZD0wNGIwNzc5NS04ZGRiLTQ2MWEtYmJlZS0wMmY5ZTFiZjdiNDY7b2JqZWN0SWQ9YzIzYmQ0MjItZWIyNy00YzYwLWFkMWYtYWE1MzgyNGUyMjYxO3N1YnNjcmlwdGlvbklkPWQxZDBjNGU3LWRmM2YtNDFlNy1iYWIxLTU2ZDA5YWVjYWQzOTt0ZW5hbnRJZD04MDRhZThlZS0wNjkyLTRmNDktYjNhYy00ZDQ5ZjVkMjA2MDA=",
            "object_id": "c23bd422-eb27-4c60-ad1f-aa53824e2261",
            "subscription_id": "d1d0c4e7-df3f-41e7-bab1-56d09aecad39",
            "tenant_id": "804ae8ee-0692-4f49-b3ac-4d49f5d20600",
            "timeouts": null
          },
          "sensitive_attributes": []
        }
      ]
    },
    {
      "module": "module.vnet[\"southeastasia\"]",
      "mode": "data",
      "type": "azurerm_client_config",
      "name": "this",
      "provider": "provider[\"registry.terraform.io/hashicorp/azurerm\"]",
      "instances": [
        {
          "schema_version": 0,
          "attributes": {
            "client_id": "04b07795-8ddb-461a-bbee-02f9e1bf7b46",
            "id": "Y2xpZW50Q29uZmlncy9jbGllbnRJZD0wNGIwNzc5NS04ZGRiLTQ2MWEtYmJlZS0wMmY5ZTFiZjdiNDY7b2JqZWN0SWQ9YzIzYmQ0MjItZWIyNy00YzYwLWFkMWYtYWE1MzgyNGUyMjYxO3N1YnNjcmlwdGlvbklkPWQxZDBjNGU3LWRmM2YtNDFlNy1iYWIxLTU2ZDA5YWVjYWQzOTt0ZW5hbnRJZD04MDRhZThlZS0wNjkyLTRmNDktYjNhYy00ZDQ5ZjVkMjA2MDA=",
            "object_id": "c23bd422-eb27-4c60-ad1f-aa53824e2261",
            "subscription_id": "d1d0c4e7-df3f-41e7-bab1-56d09aecad39",
            "tenant_id": "804ae8ee-0692-4f49-b3ac-4d49f5d20600",
            "timeouts": null
          },
          "sensitive_attributes": []
        }
      ]
    },
    {
      "module": "module.vnet[\"southeastasia\"]",
      "mode": "data",
      "type": "modtm_module_source",
      "name": "telemetry",
      "provider": "provider[\"registry.terraform.io/azure/modtm\"]",
      "instances": [
        {
          "index_key": 0,
          "schema_version": 0,
          "attributes": {
            "module_path": ".terraform/modules/vnet",
            "module_source": "registry.terraform.io/Azure/avm-res-network-virtualnetwork/azurerm",
            "module_version": "0.8.1"
          },
          "sensitive_attributes": []
        }
      ]
    },
    {
      "module": "module.vnet[\"southeastasia\"]",
      "mode": "managed",
      "type": "azapi_resource",
      "name": "vnet",
      "provider": "provider[\"registry.terraform.io/azure/azapi\"]",
      "instances": [
        {
          "schema_version": 2,
          "attributes": {
            "body": {
              "value": {
                "extendedLocation": null,
                "properties": {
                  "addressSpace": {
                    "addressPrefixes": [
                      "10.2.0.0/16"
                    ]
                  },
                  "bgpCommunities": null,
                  "ddosProtectionPlan": null,
                  "dhcpOptions": null,
                  "enableDdosProtection": false,
                  "enableVmProtection": false,
                  "encryption": {
                    "enabled": true,
                    "enforcement": "AllowUnencrypted"
                  },
                  "flowTimeoutInMinutes": null
                }
              },
              "type": [
                "object",
                {
                  "extendedLocation": [
                    "object",
                    {
                      "name": "dynamic",
                      "type": "dynamic"
                    }
                  ],
                  "properties": [
                    "object",
                    {
                      "addressSpace": [
                        "object",
                        {
                          "addressPrefixes": [
                            "set",
                            "string"
                          ]
                        }
                      ],
                      "bgpCommunities": [
                        "object",
                        {
                          "virtualNetworkCommunity": "string"
                        }
                      ],
                      "ddosProtectionPlan": [
                        "object",
                        {
                          "id": "dynamic"
                        }
                      ],
                      "dhcpOptions": [
                        "object",
                        {
                          "dnsServers": "dynamic"
                        }
                      ],
                      "enableDdosProtection": "bool",
                      "enableVmProtection": "bool",
                      "encryption": [
                        "object",
                        {
                          "enabled": "bool",
                          "enforcement": "string"
                        }
                      ],
                      "flowTimeoutInMinutes": "number"
                    }
                  ]
                }
              ]
            },
            "create_headers": null,
            "create_query_parameters": null,
            "delete_headers": null,
            "delete_query_parameters": null,
            "id": "/subscriptions/d1d0c4e7-df3f-41e7-bab1-56d09aecad39/resourceGroups/bdo-rg-test/providers/Microsoft.Network/virtualNetworks/bdo-vnet-pvwi-test",
            "identity": [],
            "ignore_casing": false,
            "ignore_missing_property": true,
            "location": "southeastasia",
            "locks": null,
            "name": "bdo-vnet-pvwi-test",
            "output": {
              "value": {
                "id": "/subscriptions/d1d0c4e7-df3f-41e7-bab1-56d09aecad39/resourceGroups/bdo-rg-test/providers/Microsoft.Network/virtualNetworks/bdo-vnet-pvwi-test",
                "properties": {
                  "addressSpace": {
                    "addressPrefixes": [
                      "10.2.0.0/16"
                    ]
                  },
                  "provisioningState": "Succeeded",
                  "resourceGuid": "851793d4-710c-4aed-a0d6-0b5130d34b64"
                },
                "type": "Microsoft.Network/virtualNetworks"
              },
              "type": [
                "object",
                {
                  "id": "string",
                  "properties": [
                    "object",
                    {
                      "addressSpace": [
                        "object",
                        {
                          "addressPrefixes": [
                            "tuple",
                            [
                              "string"
                            ]
                          ]
                        }
                      ],
                      "provisioningState": "string",
                      "resourceGuid": "string"
                    }
                  ],
                  "type": "string"
                }
              ]
            },
            "parent_id": "/subscriptions/d1d0c4e7-df3f-41e7-bab1-56d09aecad39/resourceGroups/bdo-rg-test",
            "read_headers": null,
            "read_query_parameters": null,
            "replace_triggers_external_values": null,
            "replace_triggers_refs": null,
            "response_export_values": null,
            "retry": null,
            "schema_validation_enabled": true,
            "sensitive_body": null,
            "tags": null,
            "timeouts": null,
            "type": "Microsoft.Network/virtualNetworks@2023-11-01",
            "update_headers": null,
            "update_query_parameters": null
          },
          "sensitive_attributes": [],
          "private": "eyJzZW5zaXRpdmVfYm9keSI6ImV5Sm9ZWE5vSWpvaVpFTk9UMjFMTDI1VFdTc3hNblpJZW1GelRGaHBjM2Q2YkVkVU5WVklRVGRxUVVkWmEzWnRRM1ZSY3owaWZRPT0ifQ==",
          "dependencies": [
            "azurerm_resource_group.this",
            "module.naming.random_string.first_letter",
            "module.naming.random_string.main",
            "module.vnet.azapi_update_resource.allow_drop_unencrypted_vnet",
            "module.vnet.data.azurerm_client_config.this"
          ]
        }
      ]
    },
    {
      "module": "module.vnet[\"southeastasia\"]",
      "mode": "managed",
      "type": "modtm_telemetry",
      "name": "telemetry",
      "provider": "provider[\"registry.terraform.io/azure/modtm\"]",
      "instances": [
        {
          "index_key": 0,
          "schema_version": 0,
          "attributes": {
            "endpoint": null,
            "ephemeral_number": null,
            "id": "481dac3a-a17c-41a7-9d00-b8ebf25b949d",
            "nonce": null,
            "tags": {
              "module_source": "registry.terraform.io/Azure/avm-res-network-virtualnetwork/azurerm",
              "module_version": "0.8.1",
              "random_id": "1e239bb4-14ef-e5e4-33a5-accb722352e9",
              "subscription_id": "d1d0c4e7-df3f-41e7-bab1-56d09aecad39",
              "tenant_id": "804ae8ee-0692-4f49-b3ac-4d49f5d20600"
            }
          },
          "sensitive_attributes": [],
          "dependencies": [
            "module.vnet.data.azurerm_client_config.telemetry",
            "module.vnet.data.modtm_module_source.telemetry",
            "module.vnet.random_uuid.telemetry"
          ]
        }
      ]
    },
    {
      "module": "module.vnet[\"southeastasia\"]",
      "mode": "managed",
      "type": "random_uuid",
      "name": "telemetry",
      "provider": "provider[\"registry.terraform.io/hashicorp/random\"]",
      "instances": [
        {
          "index_key": 0,
          "schema_version": 0,
          "attributes": {
            "id": "1e239bb4-14ef-e5e4-33a5-accb722352e9",
            "keepers": null,
            "result": "1e239bb4-14ef-e5e4-33a5-accb722352e9"
          },
          "sensitive_attributes": []
        }
      ]
    },
    {
      "module": "module.vnet[\"westeurope\"]",
      "mode": "data",
      "type": "azurerm_client_config",
      "name": "telemetry",
      "provider": "provider[\"registry.terraform.io/hashicorp/azurerm\"]",
      "instances": [
        {
          "index_key": 0,
          "schema_version": 0,
          "attributes": {
            "client_id": "04b07795-8ddb-461a-bbee-02f9e1bf7b46",
            "id": "Y2xpZW50Q29uZmlncy9jbGllbnRJZD0wNGIwNzc5NS04ZGRiLTQ2MWEtYmJlZS0wMmY5ZTFiZjdiNDY7b2JqZWN0SWQ9YzIzYmQ0MjItZWIyNy00YzYwLWFkMWYtYWE1MzgyNGUyMjYxO3N1YnNjcmlwdGlvbklkPWQxZDBjNGU3LWRmM2YtNDFlNy1iYWIxLTU2ZDA5YWVjYWQzOTt0ZW5hbnRJZD04MDRhZThlZS0wNjkyLTRmNDktYjNhYy00ZDQ5ZjVkMjA2MDA=",
            "object_id": "c23bd422-eb27-4c60-ad1f-aa53824e2261",
            "subscription_id": "d1d0c4e7-df3f-41e7-bab1-56d09aecad39",
            "tenant_id": "804ae8ee-0692-4f49-b3ac-4d49f5d20600",
            "timeouts": null
          },
          "sensitive_attributes": []
        }
      ]
    },
    {
      "module": "module.vnet[\"westeurope\"]",
      "mode": "data",
      "type": "azurerm_client_config",
      "name": "this",
      "provider": "provider[\"registry.terraform.io/hashicorp/azurerm\"]",
      "instances": [
        {
          "schema_version": 0,
          "attributes": {
            "client_id": "04b07795-8ddb-461a-bbee-02f9e1bf7b46",
            "id": "Y2xpZW50Q29uZmlncy9jbGllbnRJZD0wNGIwNzc5NS04ZGRiLTQ2MWEtYmJlZS0wMmY5ZTFiZjdiNDY7b2JqZWN0SWQ9YzIzYmQ0MjItZWIyNy00YzYwLWFkMWYtYWE1MzgyNGUyMjYxO3N1YnNjcmlwdGlvbklkPWQxZDBjNGU3LWRmM2YtNDFlNy1iYWIxLTU2ZDA5YWVjYWQzOTt0ZW5hbnRJZD04MDRhZThlZS0wNjkyLTRmNDktYjNhYy00ZDQ5ZjVkMjA2MDA=",
            "object_id": "c23bd422-eb27-4c60-ad1f-aa53824e2261",
            "subscription_id": "d1d0c4e7-df3f-41e7-bab1-56d09aecad39",
            "tenant_id": "804ae8ee-0692-4f49-b3ac-4d49f5d20600",
            "timeouts": null
          },
          "sensitive_attributes": []
        }
      ]
    },
    {
      "module": "module.vnet[\"westeurope\"]",
      "mode": "data",
      "type": "modtm_module_source",
      "name": "telemetry",
      "provider": "provider[\"registry.terraform.io/azure/modtm\"]",
      "instances": [
        {
          "index_key": 0,
          "schema_version": 0,
          "attributes": {
            "module_path": ".terraform/modules/vnet",
            "module_source": "registry.terraform.io/Azure/avm-res-network-virtualnetwork/azurerm",
            "module_version": "0.8.1"
          },
          "sensitive_attributes": []
        }
      ]
    },
    {
      "module": "module.vnet[\"westeurope\"]",
      "mode": "managed",
      "type": "azapi_resource",
      "name": "vnet",
      "provider": "provider[\"registry.terraform.io/azure/azapi\"]",
      "instances": [
        {
          "schema_version": 2,
          "attributes": {
            "body": {
              "value": {
                "extendedLocation": null,
                "properties": {
                  "addressSpace": {
                    "addressPrefixes": [
                      "10.1.0.0/16"
                    ]
                  },
                  "bgpCommunities": null,
                  "ddosProtectionPlan": null,
                  "dhcpOptions": null,
                  "enableDdosProtection": false,
                  "enableVmProtection": false,
                  "encryption": {
                    "enabled": true,
                    "enforcement": "AllowUnencrypted"
                  },
                  "flowTimeoutInMinutes": null
                }
              },
              "type": [
                "object",
                {
                  "extendedLocation": [
                    "object",
                    {
                      "name": "dynamic",
                      "type": "dynamic"
                    }
                  ],
                  "properties": [
                    "object",
                    {
                      "addressSpace": [
                        "object",
                        {
                          "addressPrefixes": [
                            "set",
                            "string"
                          ]
                        }
                      ],
                      "bgpCommunities": [
                        "object",
                        {
                          "virtualNetworkCommunity": "string"
                        }
                      ],
                      "ddosProtectionPlan": [
                        "object",
                        {
                          "id": "dynamic"
                        }
                      ],
                      "dhcpOptions": [
                        "object",
                        {
                          "dnsServers": "dynamic"
                        }
                      ],
                      "enableDdosProtection": "bool",
                      "enableVmProtection": "bool",
                      "encryption": [
                        "object",
                        {
                          "enabled": "bool",
                          "enforcement": "string"
                        }
                      ],
                      "flowTimeoutInMinutes": "number"
                    }
                  ]
                }
              ]
            },
            "create_headers": null,
            "create_query_parameters": null,
            "delete_headers": null,
            "delete_query_parameters": null,
            "id": "/subscriptions/d1d0c4e7-df3f-41e7-bab1-56d09aecad39/resourceGroups/bdo-rg-prod/providers/Microsoft.Network/virtualNetworks/bdo-vnet-pvwi-prod",
            "identity": [],
            "ignore_casing": false,
            "ignore_missing_property": true,
            "location": "westeurope",
            "locks": null,
            "name": "bdo-vnet-pvwi-prod",
            "output": {
              "value": {
                "id": "/subscriptions/d1d0c4e7-df3f-41e7-bab1-56d09aecad39/resourceGroups/bdo-rg-prod/providers/Microsoft.Network/virtualNetworks/bdo-vnet-pvwi-prod",
                "properties": {
                  "addressSpace": {
                    "addressPrefixes": [
                      "10.1.0.0/16"
                    ]
                  },
                  "provisioningState": "Succeeded",
                  "resourceGuid": "ddb25222-bc1e-42c9-add0-0740fc52839b"
                },
                "type": "Microsoft.Network/virtualNetworks"
              },
              "type": [
                "object",
                {
                  "id": "string",
                  "properties": [
                    "object",
                    {
                      "addressSpace": [
                        "object",
                        {
                          "addressPrefixes": [
                            "tuple",
                            [
                              "string"
                            ]
                          ]
                        }
                      ],
                      "provisioningState": "string",
                      "resourceGuid": "string"
                    }
                  ],
                  "type": "string"
                }
              ]
            },
            "parent_id": "/subscriptions/d1d0c4e7-df3f-41e7-bab1-56d09aecad39/resourceGroups/bdo-rg-prod",
            "read_headers": null,
            "read_query_parameters": null,
            "replace_triggers_external_values": null,
            "replace_triggers_refs": null,
            "response_export_values": null,
            "retry": null,
            "schema_validation_enabled": true,
            "sensitive_body": null,
            "tags": null,
            "timeouts": null,
            "type": "Microsoft.Network/virtualNetworks@2023-11-01",
            "update_headers": null,
            "update_query_parameters": null
          },
          "sensitive_attributes": [],
          "private": "eyJzZW5zaXRpdmVfYm9keSI6ImV5Sm9ZWE5vSWpvaVpFTk9UMjFMTDI1VFdTc3hNblpJZW1GelRGaHBjM2Q2YkVkVU5WVklRVGRxUVVkWmEzWnRRM1ZSY3owaWZRPT0ifQ==",
          "dependencies": [
            "azurerm_resource_group.this",
            "module.naming.random_string.first_letter",
            "module.naming.random_string.main",
            "module.vnet.azapi_update_resource.allow_drop_unencrypted_vnet",
            "module.vnet.data.azurerm_client_config.this"
          ]
        }
      ]
    },
    {
      "module": "module.vnet[\"westeurope\"]",
      "mode": "managed",
      "type": "modtm_telemetry",
      "name": "telemetry",
      "provider": "provider[\"registry.terraform.io/azure/modtm\"]",
      "instances": [
        {
          "index_key": 0,
          "schema_version": 0,
          "attributes": {
            "endpoint": null,
            "ephemeral_number": null,
            "id": "3db17e6f-2711-4d20-aeb1-f3f3dcb7747c",
            "nonce": null,
            "tags": {
              "module_source": "registry.terraform.io/Azure/avm-res-network-virtualnetwork/azurerm",
              "module_version": "0.8.1",
              "random_id": "6e291b1a-1ca5-16b3-bfb6-93ca54c6697f",
              "subscription_id": "d1d0c4e7-df3f-41e7-bab1-56d09aecad39",
              "tenant_id": "804ae8ee-0692-4f49-b3ac-4d49f5d20600"
            }
          },
          "sensitive_attributes": [],
          "dependencies": [
            "module.vnet.data.azurerm_client_config.telemetry",
            "module.vnet.data.modtm_module_source.telemetry",
            "module.vnet.random_uuid.telemetry"
          ]
        }
      ]
    },
    {
      "module": "module.vnet[\"westeurope\"]",
      "mode": "managed",
      "type": "random_uuid",
      "name": "telemetry",
      "provider": "provider[\"registry.terraform.io/hashicorp/random\"]",
      "instances": [
        {
          "index_key": 0,
          "schema_version": 0,
          "attributes": {
            "id": "6e291b1a-1ca5-16b3-bfb6-93ca54c6697f",
            "keepers": null,
            "result": "6e291b1a-1ca5-16b3-bfb6-93ca54c6697f"
          },
          "sensitive_attributes": []
        }
      ]
    },
    {
      "module": "module.vnet_peerings[\"eastus-southeastasia\"]",
      "mode": "managed",
      "type": "azapi_resource",
      "name": "reverse",
      "provider": "provider[\"registry.terraform.io/azure/azapi\"]",
      "instances": [
        {
          "index_key": 0,
          "schema_version": 2,
          "attributes": {
            "body": {
              "value": {
                "properties": {
                  "allowForwardedTraffic": true,
                  "allowGatewayTransit": false,
                  "allowVirtualNetworkAccess": true,
                  "doNotVerifyRemoteGateways": false,
                  "enableOnlyIPv6Peering": false,
                  "peerCompleteVnets": true,
                  "remoteVirtualNetwork": {
                    "id": "/subscriptions/d1d0c4e7-df3f-41e7-bab1-56d09aecad39/resourceGroups/bdo-rg-dev/providers/Microsoft.Network/virtualNetworks/bdo-vnet-pvwi-dev"
                  },
                  "useRemoteGateways": false
                }
              },
              "type": [
                "object",
                {
                  "properties": [
                    "object",
                    {
                      "allowForwardedTraffic": "bool",
                      "allowGatewayTransit": "bool",
                      "allowVirtualNetworkAccess": "bool",
                      "doNotVerifyRemoteGateways": "bool",
                      "enableOnlyIPv6Peering": "bool",
                      "peerCompleteVnets": "bool",
                      "remoteVirtualNetwork": [
                        "object",
                        {
                          "id": "string"
                        }
                      ],
                      "useRemoteGateways": "bool"
                    }
                  ]
                }
              ]
            },
            "create_headers": null,
            "create_query_parameters": null,
            "delete_headers": null,
            "delete_query_parameters": null,
            "id": "/subscriptions/d1d0c4e7-df3f-41e7-bab1-56d09aecad39/resourceGroups/bdo-rg-test/providers/Microsoft.Network/virtualNetworks/bdo-vnet-pvwi-test/virtualNetworkPeerings/southeastasia-to-eastus",
            "identity": [],
            "ignore_casing": false,
            "ignore_missing_property": true,
            "location": null,
            "locks": [
              "/subscriptions/d1d0c4e7-df3f-41e7-bab1-56d09aecad39/resourceGroups/bdo-rg-test/providers/Microsoft.Network/virtualNetworks/bdo-vnet-pvwi-test"
            ],
            "name": "southeastasia-to-eastus",
            "output": {
              "value": {
                "id": "/subscriptions/d1d0c4e7-df3f-41e7-bab1-56d09aecad39/resourceGroups/bdo-rg-test/providers/Microsoft.Network/virtualNetworks/bdo-vnet-pvwi-test/virtualNetworkPeerings/southeastasia-to-eastus",
                "properties": {
                  "provisioningState": "Succeeded",
                  "remoteAddressSpace": {
                    "addressPrefixes": [
                      "10.0.0.0/16"
                    ]
                  },
                  "remoteVirtualNetworkAddressSpace": {
                    "addressPrefixes": [
                      "10.0.0.0/16"
                    ]
                  },
                  "resourceGuid": "3871636c-624d-0cc2-39cb-18202daaa031"
                },
                "type": "Microsoft.Network/virtualNetworks/virtualNetworkPeerings"
              },
              "type": [
                "object",
                {
                  "id": "string",
                  "properties": [
                    "object",
                    {
                      "provisioningState": "string",
                      "remoteAddressSpace": [
                        "object",
                        {
                          "addressPrefixes": [
                            "tuple",
                            [
                              "string"
                            ]
                          ]
                        }
                      ],
                      "remoteVirtualNetworkAddressSpace": [
                        "object",
                        {
                          "addressPrefixes": [
                            "tuple",
                            [
                              "string"
                            ]
                          ]
                        }
                      ],
                      "resourceGuid": "string"
                    }
                  ],
                  "type": "string"
                }
              ]
            },
            "parent_id": "/subscriptions/d1d0c4e7-df3f-41e7-bab1-56d09aecad39/resourceGroups/bdo-rg-test/providers/Microsoft.Network/virtualNetworks/bdo-vnet-pvwi-test",
            "read_headers": null,
            "read_query_parameters": null,
            "replace_triggers_external_values": null,
            "replace_triggers_refs": null,
            "response_export_values": null,
            "retry": null,
            "schema_validation_enabled": true,
            "sensitive_body": null,
            "tags": null,
            "timeouts": null,
            "type": "Microsoft.Network/virtualNetworks/virtualNetworkPeerings@2023-11-01",
            "update_headers": null,
            "update_query_parameters": null
          },
          "sensitive_attributes": [],
          "private": "eyJzZW5zaXRpdmVfYm9keSI6ImV5Sm9ZWE5vSWpvaVpFTk9UMjFMTDI1VFdTc3hNblpJZW1GelRGaHBjM2Q2YkVkVU5WVklRVGRxUVVkWmEzWnRRM1ZSY3owaWZRPT0ifQ==",
          "dependencies": [
            "azurerm_resource_group.this",
            "module.naming.random_string.first_letter",
            "module.naming.random_string.main",
            "module.vnet.azapi_resource.vnet",
            "module.vnet.azapi_update_resource.allow_drop_unencrypted_vnet",
            "module.vnet.azurerm_management_lock.this",
            "module.vnet.azurerm_monitor_diagnostic_setting.this",
            "module.vnet.azurerm_role_assignment.vnet_level",
            "module.vnet.data.azurerm_client_config.telemetry",
            "module.vnet.data.azurerm_client_config.this",
            "module.vnet.data.modtm_module_source.telemetry",
            "module.vnet.modtm_telemetry.telemetry",
            "module.vnet.module.peering.azapi_resource.address_space_peering",
            "module.vnet.module.peering.azapi_resource.reverse",
            "module.vnet.module.peering.azapi_resource.reverse_address_space_peering",
            "module.vnet.module.peering.azapi_resource.reverse_subnet_peering",
            "module.vnet.module.peering.azapi_resource.subnet_peering",
            "module.vnet.module.peering.azapi_resource.this",
            "module.vnet.module.peering.azapi_update_resource.allow_multiple_peering_links_between_vnets",
            "module.vnet.module.peering.azapi_update_resource.remote_allow_multiple_peering_links_between_vnets",
            "module.vnet.module.subnet.azapi_resource.subnet",
            "module.vnet.module.subnet.azapi_update_resource.allow_deletion_of_ip_prefix_from_subnet",
            "module.vnet.module.subnet.azapi_update_resource.allow_multiple_address_prefixes_on_subnet",
            "module.vnet.module.subnet.azapi_update_resource.enable_shared_vnet",
            "module.vnet.module.subnet.azurerm_role_assignment.subnet",
            "module.vnet.random_uuid.telemetry",
            "module.vnet_peerings.azapi_resource.this"
          ]
        }
      ]
    },
    {
      "module": "module.vnet_peerings[\"eastus-southeastasia\"]",
      "mode": "managed",
      "type": "azapi_resource",
      "name": "this",
      "provider": "provider[\"registry.terraform.io/azure/azapi\"]",
      "instances": [
        {
          "index_key": 0,
          "schema_version": 2,
          "attributes": {
            "body": {
              "value": {
                "properties": {
                  "allowForwardedTraffic": true,
                  "allowGatewayTransit": true,
                  "allowVirtualNetworkAccess": true,
                  "doNotVerifyRemoteGateways": false,
                  "enableOnlyIPv6Peering": false,
                  "peerCompleteVnets": true,
                  "remoteVirtualNetwork": {
                    "id": "/subscriptions/d1d0c4e7-df3f-41e7-bab1-56d09aecad39/resourceGroups/bdo-rg-test/providers/Microsoft.Network/virtualNetworks/bdo-vnet-pvwi-test"
                  },
                  "useRemoteGateways": false
                }
              },
              "type": [
                "object",
                {
                  "properties": [
                    "object",
                    {
                      "allowForwardedTraffic": "bool",
                      "allowGatewayTransit": "bool",
                      "allowVirtualNetworkAccess": "bool",
                      "doNotVerifyRemoteGateways": "bool",
                      "enableOnlyIPv6Peering": "bool",
                      "peerCompleteVnets": "bool",
                      "remoteVirtualNetwork": [
                        "object",
                        {
                          "id": "string"
                        }
                      ],
                      "useRemoteGateways": "bool"
                    }
                  ]
                }
              ]
            },
            "create_headers": null,
            "create_query_parameters": null,
            "delete_headers": null,
            "delete_query_parameters": null,
            "id": "/subscriptions/d1d0c4e7-df3f-41e7-bab1-56d09aecad39/resourceGroups/bdo-rg-dev/providers/Microsoft.Network/virtualNetworks/bdo-vnet-pvwi-dev/virtualNetworkPeerings/eastus-to-southeastasia",
            "identity": [],
            "ignore_casing": false,
            "ignore_missing_property": true,
            "location": null,
            "locks": [
              "/subscriptions/d1d0c4e7-df3f-41e7-bab1-56d09aecad39/resourceGroups/bdo-rg-dev/providers/Microsoft.Network/virtualNetworks/bdo-vnet-pvwi-dev"
            ],
            "name": "eastus-to-southeastasia",
            "output": {
              "value": {
                "id": "/subscriptions/d1d0c4e7-df3f-41e7-bab1-56d09aecad39/resourceGroups/bdo-rg-dev/providers/Microsoft.Network/virtualNetworks/bdo-vnet-pvwi-dev/virtualNetworkPeerings/eastus-to-southeastasia",
                "properties": {
                  "provisioningState": "Succeeded",
                  "remoteAddressSpace": {
                    "addressPrefixes": [
                      "10.2.0.0/16"
                    ]
                  },
                  "remoteVirtualNetworkAddressSpace": {
                    "addressPrefixes": [
                      "10.2.0.0/16"
                    ]
                  },
                  "resourceGuid": "3871636c-624d-0cc2-39cb-18202daaa031"
                },
                "type": "Microsoft.Network/virtualNetworks/virtualNetworkPeerings"
              },
              "type": [
                "object",
                {
                  "id": "string",
                  "properties": [
                    "object",
                    {
                      "provisioningState": "string",
                      "remoteAddressSpace": [
                        "object",
                        {
                          "addressPrefixes": [
                            "tuple",
                            [
                              "string"
                            ]
                          ]
                        }
                      ],
                      "remoteVirtualNetworkAddressSpace": [
                        "object",
                        {
                          "addressPrefixes": [
                            "tuple",
                            [
                              "string"
                            ]
                          ]
                        }
                      ],
                      "resourceGuid": "string"
                    }
                  ],
                  "type": "string"
                }
              ]
            },
            "parent_id": "/subscriptions/d1d0c4e7-df3f-41e7-bab1-56d09aecad39/resourceGroups/bdo-rg-dev/providers/Microsoft.Network/virtualNetworks/bdo-vnet-pvwi-dev",
            "read_headers": null,
            "read_query_parameters": null,
            "replace_triggers_external_values": null,
            "replace_triggers_refs": null,
            "response_export_values": null,
            "retry": null,
            "schema_validation_enabled": true,
            "sensitive_body": null,
            "tags": null,
            "timeouts": null,
            "type": "Microsoft.Network/virtualNetworks/virtualNetworkPeerings@2023-11-01",
            "update_headers": null,
            "update_query_parameters": null
          },
          "sensitive_attributes": [],
          "private": "eyJzZW5zaXRpdmVfYm9keSI6ImV5Sm9ZWE5vSWpvaVpFTk9UMjFMTDI1VFdTc3hNblpJZW1GelRGaHBjM2Q2YkVkVU5WVklRVGRxUVVkWmEzWnRRM1ZSY3owaWZRPT0ifQ==",
          "dependencies": [
            "azurerm_resource_group.this",
            "module.naming.random_string.first_letter",
            "module.naming.random_string.main",
            "module.vnet.azapi_resource.vnet",
            "module.vnet.azapi_update_resource.allow_drop_unencrypted_vnet",
            "module.vnet.azurerm_management_lock.this",
            "module.vnet.azurerm_monitor_diagnostic_setting.this",
            "module.vnet.azurerm_role_assignment.vnet_level",
            "module.vnet.data.azurerm_client_config.telemetry",
            "module.vnet.data.azurerm_client_config.this",
            "module.vnet.data.modtm_module_source.telemetry",
            "module.vnet.modtm_telemetry.telemetry",
            "module.vnet.module.peering.azapi_resource.address_space_peering",
            "module.vnet.module.peering.azapi_resource.reverse",
            "module.vnet.module.peering.azapi_resource.reverse_address_space_peering",
            "module.vnet.module.peering.azapi_resource.reverse_subnet_peering",
            "module.vnet.module.peering.azapi_resource.subnet_peering",
            "module.vnet.module.peering.azapi_resource.this",
            "module.vnet.module.peering.azapi_update_resource.allow_multiple_peering_links_between_vnets",
            "module.vnet.module.peering.azapi_update_resource.remote_allow_multiple_peering_links_between_vnets",
            "module.vnet.module.subnet.azapi_resource.subnet",
            "module.vnet.module.subnet.azapi_update_resource.allow_deletion_of_ip_prefix_from_subnet",
            "module.vnet.module.subnet.azapi_update_resource.allow_multiple_address_prefixes_on_subnet",
            "module.vnet.module.subnet.azapi_update_resource.enable_shared_vnet",
            "module.vnet.module.subnet.azurerm_role_assignment.subnet",
            "module.vnet.random_uuid.telemetry"
          ]
        }
      ]
    },
    {
      "module": "module.vnet_peerings[\"eastus-westeurope\"]",
      "mode": "managed",
      "type": "azapi_resource",
      "name": "reverse",
      "provider": "provider[\"registry.terraform.io/azure/azapi\"]",
      "instances": [
        {
          "index_key": 0,
          "schema_version": 2,
          "attributes": {
            "body": {
              "value": {
                "properties": {
                  "allowForwardedTraffic": true,
                  "allowGatewayTransit": false,
                  "allowVirtualNetworkAccess": true,
                  "doNotVerifyRemoteGateways": false,
                  "enableOnlyIPv6Peering": false,
                  "peerCompleteVnets": true,
                  "remoteVirtualNetwork": {
                    "id": "/subscriptions/d1d0c4e7-df3f-41e7-bab1-56d09aecad39/resourceGroups/bdo-rg-dev/providers/Microsoft.Network/virtualNetworks/bdo-vnet-pvwi-dev"
                  },
                  "useRemoteGateways": false
                }
              },
              "type": [
                "object",
                {
                  "properties": [
                    "object",
                    {
                      "allowForwardedTraffic": "bool",
                      "allowGatewayTransit": "bool",
                      "allowVirtualNetworkAccess": "bool",
                      "doNotVerifyRemoteGateways": "bool",
                      "enableOnlyIPv6Peering": "bool",
                      "peerCompleteVnets": "bool",
                      "remoteVirtualNetwork": [
                        "object",
                        {
                          "id": "string"
                        }
                      ],
                      "useRemoteGateways": "bool"
                    }
                  ]
                }
              ]
            },
            "create_headers": null,
            "create_query_parameters": null,
            "delete_headers": null,
            "delete_query_parameters": null,
            "id": "/subscriptions/d1d0c4e7-df3f-41e7-bab1-56d09aecad39/resourceGroups/bdo-rg-prod/providers/Microsoft.Network/virtualNetworks/bdo-vnet-pvwi-prod/virtualNetworkPeerings/westeurope-to-eastus",
            "identity": [],
            "ignore_casing": false,
            "ignore_missing_property": true,
            "location": null,
            "locks": [
              "/subscriptions/d1d0c4e7-df3f-41e7-bab1-56d09aecad39/resourceGroups/bdo-rg-prod/providers/Microsoft.Network/virtualNetworks/bdo-vnet-pvwi-prod"
            ],
            "name": "westeurope-to-eastus",
            "output": {
              "value": {
                "id": "/subscriptions/d1d0c4e7-df3f-41e7-bab1-56d09aecad39/resourceGroups/bdo-rg-prod/providers/Microsoft.Network/virtualNetworks/bdo-vnet-pvwi-prod/virtualNetworkPeerings/westeurope-to-eastus",
                "properties": {
                  "provisioningState": "Succeeded",
                  "remoteAddressSpace": {
                    "addressPrefixes": [
                      "10.0.0.0/16"
                    ]
                  },
                  "remoteVirtualNetworkAddressSpace": {
                    "addressPrefixes": [
                      "10.0.0.0/16"
                    ]
                  },
                  "resourceGuid": "60d4a29a-af5f-04e6-34cd-1431e12b68ce"
                },
                "type": "Microsoft.Network/virtualNetworks/virtualNetworkPeerings"
              },
              "type": [
                "object",
                {
                  "id": "string",
                  "properties": [
                    "object",
                    {
                      "provisioningState": "string",
                      "remoteAddressSpace": [
                        "object",
                        {
                          "addressPrefixes": [
                            "tuple",
                            [
                              "string"
                            ]
                          ]
                        }
                      ],
                      "remoteVirtualNetworkAddressSpace": [
                        "object",
                        {
                          "addressPrefixes": [
                            "tuple",
                            [
                              "string"
                            ]
                          ]
                        }
                      ],
                      "resourceGuid": "string"
                    }
                  ],
                  "type": "string"
                }
              ]
            },
            "parent_id": "/subscriptions/d1d0c4e7-df3f-41e7-bab1-56d09aecad39/resourceGroups/bdo-rg-prod/providers/Microsoft.Network/virtualNetworks/bdo-vnet-pvwi-prod",
            "read_headers": null,
            "read_query_parameters": null,
            "replace_triggers_external_values": null,
            "replace_triggers_refs": null,
            "response_export_values": null,
            "retry": null,
            "schema_validation_enabled": true,
            "sensitive_body": null,
            "tags": null,
            "timeouts": null,
            "type": "Microsoft.Network/virtualNetworks/virtualNetworkPeerings@2023-11-01",
            "update_headers": null,
            "update_query_parameters": null
          },
          "sensitive_attributes": [],
          "private": "eyJzZW5zaXRpdmVfYm9keSI6ImV5Sm9ZWE5vSWpvaVpFTk9UMjFMTDI1VFdTc3hNblpJZW1GelRGaHBjM2Q2YkVkVU5WVklRVGRxUVVkWmEzWnRRM1ZSY3owaWZRPT0ifQ==",
          "dependencies": [
            "azurerm_resource_group.this",
            "module.naming.random_string.first_letter",
            "module.naming.random_string.main",
            "module.vnet.azapi_resource.vnet",
            "module.vnet.azapi_update_resource.allow_drop_unencrypted_vnet",
            "module.vnet.azurerm_management_lock.this",
            "module.vnet.azurerm_monitor_diagnostic_setting.this",
            "module.vnet.azurerm_role_assignment.vnet_level",
            "module.vnet.data.azurerm_client_config.telemetry",
            "module.vnet.data.azurerm_client_config.this",
            "module.vnet.data.modtm_module_source.telemetry",
            "module.vnet.modtm_telemetry.telemetry",
            "module.vnet.module.peering.azapi_resource.address_space_peering",
            "module.vnet.module.peering.azapi_resource.reverse",
            "module.vnet.module.peering.azapi_resource.reverse_address_space_peering",
            "module.vnet.module.peering.azapi_resource.reverse_subnet_peering",
            "module.vnet.module.peering.azapi_resource.subnet_peering",
            "module.vnet.module.peering.azapi_resource.this",
            "module.vnet.module.peering.azapi_update_resource.allow_multiple_peering_links_between_vnets",
            "module.vnet.module.peering.azapi_update_resource.remote_allow_multiple_peering_links_between_vnets",
            "module.vnet.module.subnet.azapi_resource.subnet",
            "module.vnet.module.subnet.azapi_update_resource.allow_deletion_of_ip_prefix_from_subnet",
            "module.vnet.module.subnet.azapi_update_resource.allow_multiple_address_prefixes_on_subnet",
            "module.vnet.module.subnet.azapi_update_resource.enable_shared_vnet",
            "module.vnet.module.subnet.azurerm_role_assignment.subnet",
            "module.vnet.random_uuid.telemetry",
            "module.vnet_peerings.azapi_resource.this"
          ]
        }
      ]
    },
    {
      "module": "module.vnet_peerings[\"eastus-westeurope\"]",
      "mode": "managed",
      "type": "azapi_resource",
      "name": "this",
      "provider": "provider[\"registry.terraform.io/azure/azapi\"]",
      "instances": [
        {
          "index_key": 0,
          "schema_version": 2,
          "attributes": {
            "body": {
              "value": {
                "properties": {
                  "allowForwardedTraffic": true,
                  "allowGatewayTransit": true,
                  "allowVirtualNetworkAccess": true,
                  "doNotVerifyRemoteGateways": false,
                  "enableOnlyIPv6Peering": false,
                  "peerCompleteVnets": true,
                  "remoteVirtualNetwork": {
                    "id": "/subscriptions/d1d0c4e7-df3f-41e7-bab1-56d09aecad39/resourceGroups/bdo-rg-prod/providers/Microsoft.Network/virtualNetworks/bdo-vnet-pvwi-prod"
                  },
                  "useRemoteGateways": false
                }
              },
              "type": [
                "object",
                {
                  "properties": [
                    "object",
                    {
                      "allowForwardedTraffic": "bool",
                      "allowGatewayTransit": "bool",
                      "allowVirtualNetworkAccess": "bool",
                      "doNotVerifyRemoteGateways": "bool",
                      "enableOnlyIPv6Peering": "bool",
                      "peerCompleteVnets": "bool",
                      "remoteVirtualNetwork": [
                        "object",
                        {
                          "id": "string"
                        }
                      ],
                      "useRemoteGateways": "bool"
                    }
                  ]
                }
              ]
            },
            "create_headers": null,
            "create_query_parameters": null,
            "delete_headers": null,
            "delete_query_parameters": null,
            "id": "/subscriptions/d1d0c4e7-df3f-41e7-bab1-56d09aecad39/resourceGroups/bdo-rg-dev/providers/Microsoft.Network/virtualNetworks/bdo-vnet-pvwi-dev/virtualNetworkPeerings/eastus-to-westeurope",
            "identity": [],
            "ignore_casing": false,
            "ignore_missing_property": true,
            "location": null,
            "locks": [
              "/subscriptions/d1d0c4e7-df3f-41e7-bab1-56d09aecad39/resourceGroups/bdo-rg-dev/providers/Microsoft.Network/virtualNetworks/bdo-vnet-pvwi-dev"
            ],
            "name": "eastus-to-westeurope",
            "output": {
              "value": {
                "id": "/subscriptions/d1d0c4e7-df3f-41e7-bab1-56d09aecad39/resourceGroups/bdo-rg-dev/providers/Microsoft.Network/virtualNetworks/bdo-vnet-pvwi-dev/virtualNetworkPeerings/eastus-to-westeurope",
                "properties": {
                  "provisioningState": "Succeeded",
                  "remoteAddressSpace": {
                    "addressPrefixes": [
                      "10.1.0.0/16"
                    ]
                  },
                  "remoteVirtualNetworkAddressSpace": {
                    "addressPrefixes": [
                      "10.1.0.0/16"
                    ]
                  },
                  "resourceGuid": "60d4a29a-af5f-04e6-34cd-1431e12b68ce"
                },
                "type": "Microsoft.Network/virtualNetworks/virtualNetworkPeerings"
              },
              "type": [
                "object",
                {
                  "id": "string",
                  "properties": [
                    "object",
                    {
                      "provisioningState": "string",
                      "remoteAddressSpace": [
                        "object",
                        {
                          "addressPrefixes": [
                            "tuple",
                            [
                              "string"
                            ]
                          ]
                        }
                      ],
                      "remoteVirtualNetworkAddressSpace": [
                        "object",
                        {
                          "addressPrefixes": [
                            "tuple",
                            [
                              "string"
                            ]
                          ]
                        }
                      ],
                      "resourceGuid": "string"
                    }
                  ],
                  "type": "string"
                }
              ]
            },
            "parent_id": "/subscriptions/d1d0c4e7-df3f-41e7-bab1-56d09aecad39/resourceGroups/bdo-rg-dev/providers/Microsoft.Network/virtualNetworks/bdo-vnet-pvwi-dev",
            "read_headers": null,
            "read_query_parameters": null,
            "replace_triggers_external_values": null,
            "replace_triggers_refs": null,
            "response_export_values": null,
            "retry": null,
            "schema_validation_enabled": true,
            "sensitive_body": null,
            "tags": null,
            "timeouts": null,
            "type": "Microsoft.Network/virtualNetworks/virtualNetworkPeerings@2023-11-01",
            "update_headers": null,
            "update_query_parameters": null
          },
          "sensitive_attributes": [],
          "private": "eyJzZW5zaXRpdmVfYm9keSI6ImV5Sm9ZWE5vSWpvaVpFTk9UMjFMTDI1VFdTc3hNblpJZW1GelRGaHBjM2Q2YkVkVU5WVklRVGRxUVVkWmEzWnRRM1ZSY3owaWZRPT0ifQ==",
          "dependencies": [
            "azurerm_resource_group.this",
            "module.naming.random_string.first_letter",
            "module.naming.random_string.main",
            "module.vnet.azapi_resource.vnet",
            "module.vnet.azapi_update_resource.allow_drop_unencrypted_vnet",
            "module.vnet.azurerm_management_lock.this",
            "module.vnet.azurerm_monitor_diagnostic_setting.this",
            "module.vnet.azurerm_role_assignment.vnet_level",
            "module.vnet.data.azurerm_client_config.telemetry",
            "module.vnet.data.azurerm_client_config.this",
            "module.vnet.data.modtm_module_source.telemetry",
            "module.vnet.modtm_telemetry.telemetry",
            "module.vnet.module.peering.azapi_resource.address_space_peering",
            "module.vnet.module.peering.azapi_resource.reverse",
            "module.vnet.module.peering.azapi_resource.reverse_address_space_peering",
            "module.vnet.module.peering.azapi_resource.reverse_subnet_peering",
            "module.vnet.module.peering.azapi_resource.subnet_peering",
            "module.vnet.module.peering.azapi_resource.this",
            "module.vnet.module.peering.azapi_update_resource.allow_multiple_peering_links_between_vnets",
            "module.vnet.module.peering.azapi_update_resource.remote_allow_multiple_peering_links_between_vnets",
            "module.vnet.module.subnet.azapi_resource.subnet",
            "module.vnet.module.subnet.azapi_update_resource.allow_deletion_of_ip_prefix_from_subnet",
            "module.vnet.module.subnet.azapi_update_resource.allow_multiple_address_prefixes_on_subnet",
            "module.vnet.module.subnet.azapi_update_resource.enable_shared_vnet",
            "module.vnet.module.subnet.azurerm_role_assignment.subnet",
            "module.vnet.random_uuid.telemetry"
          ]
        }
      ]
    },
    {
      "module": "module.vnet_peerings[\"southeastasia-westeurope\"]",
      "mode": "managed",
      "type": "azapi_resource",
      "name": "reverse",
      "provider": "provider[\"registry.terraform.io/azure/azapi\"]",
      "instances": [
        {
          "index_key": 0,
          "schema_version": 2,
          "attributes": {
            "body": {
              "value": {
                "properties": {
                  "allowForwardedTraffic": true,
                  "allowGatewayTransit": false,
                  "allowVirtualNetworkAccess": true,
                  "doNotVerifyRemoteGateways": false,
                  "enableOnlyIPv6Peering": false,
                  "peerCompleteVnets": true,
                  "remoteVirtualNetwork": {
                    "id": "/subscriptions/d1d0c4e7-df3f-41e7-bab1-56d09aecad39/resourceGroups/bdo-rg-test/providers/Microsoft.Network/virtualNetworks/bdo-vnet-pvwi-test"
                  },
                  "useRemoteGateways": false
                }
              },
              "type": [
                "object",
                {
                  "properties": [
                    "object",
                    {
                      "allowForwardedTraffic": "bool",
                      "allowGatewayTransit": "bool",
                      "allowVirtualNetworkAccess": "bool",
                      "doNotVerifyRemoteGateways": "bool",
                      "enableOnlyIPv6Peering": "bool",
                      "peerCompleteVnets": "bool",
                      "remoteVirtualNetwork": [
                        "object",
                        {
                          "id": "string"
                        }
                      ],
                      "useRemoteGateways": "bool"
                    }
                  ]
                }
              ]
            },
            "create_headers": null,
            "create_query_parameters": null,
            "delete_headers": null,
            "delete_query_parameters": null,
            "id": "/subscriptions/d1d0c4e7-df3f-41e7-bab1-56d09aecad39/resourceGroups/bdo-rg-prod/providers/Microsoft.Network/virtualNetworks/bdo-vnet-pvwi-prod/virtualNetworkPeerings/westeurope-to-southeastasia",
            "identity": [],
            "ignore_casing": false,
            "ignore_missing_property": true,
            "location": null,
            "locks": [
              "/subscriptions/d1d0c4e7-df3f-41e7-bab1-56d09aecad39/resourceGroups/bdo-rg-prod/providers/Microsoft.Network/virtualNetworks/bdo-vnet-pvwi-prod"
            ],
            "name": "westeurope-to-southeastasia",
            "output": {
              "value": {
                "id": "/subscriptions/d1d0c4e7-df3f-41e7-bab1-56d09aecad39/resourceGroups/bdo-rg-prod/providers/Microsoft.Network/virtualNetworks/bdo-vnet-pvwi-prod/virtualNetworkPeerings/westeurope-to-southeastasia",
                "properties": {
                  "provisioningState": "Succeeded",
                  "remoteAddressSpace": {
                    "addressPrefixes": [
                      "10.2.0.0/16"
                    ]
                  },
                  "remoteVirtualNetworkAddressSpace": {
                    "addressPrefixes": [
                      "10.2.0.0/16"
                    ]
                  },
                  "resourceGuid": "58a5c1f6-cd12-0824-0d06-0c11cc81c8ff"
                },
                "type": "Microsoft.Network/virtualNetworks/virtualNetworkPeerings"
              },
              "type": [
                "object",
                {
                  "id": "string",
                  "properties": [
                    "object",
                    {
                      "provisioningState": "string",
                      "remoteAddressSpace": [
                        "object",
                        {
                          "addressPrefixes": [
                            "tuple",
                            [
                              "string"
                            ]
                          ]
                        }
                      ],
                      "remoteVirtualNetworkAddressSpace": [
                        "object",
                        {
                          "addressPrefixes": [
                            "tuple",
                            [
                              "string"
                            ]
                          ]
                        }
                      ],
                      "resourceGuid": "string"
                    }
                  ],
                  "type": "string"
                }
              ]
            },
            "parent_id": "/subscriptions/d1d0c4e7-df3f-41e7-bab1-56d09aecad39/resourceGroups/bdo-rg-prod/providers/Microsoft.Network/virtualNetworks/bdo-vnet-pvwi-prod",
            "read_headers": null,
            "read_query_parameters": null,
            "replace_triggers_external_values": null,
            "replace_triggers_refs": null,
            "response_export_values": null,
            "retry": null,
            "schema_validation_enabled": true,
            "sensitive_body": null,
            "tags": null,
            "timeouts": null,
            "type": "Microsoft.Network/virtualNetworks/virtualNetworkPeerings@2023-11-01",
            "update_headers": null,
            "update_query_parameters": null
          },
          "sensitive_attributes": [],
          "private": "eyJzZW5zaXRpdmVfYm9keSI6ImV5Sm9ZWE5vSWpvaVpFTk9UMjFMTDI1VFdTc3hNblpJZW1GelRGaHBjM2Q2YkVkVU5WVklRVGRxUVVkWmEzWnRRM1ZSY3owaWZRPT0ifQ==",
          "dependencies": [
            "azurerm_resource_group.this",
            "module.naming.random_string.first_letter",
            "module.naming.random_string.main",
            "module.vnet.azapi_resource.vnet",
            "module.vnet.azapi_update_resource.allow_drop_unencrypted_vnet",
            "module.vnet.azurerm_management_lock.this",
            "module.vnet.azurerm_monitor_diagnostic_setting.this",
            "module.vnet.azurerm_role_assignment.vnet_level",
            "module.vnet.data.azurerm_client_config.telemetry",
            "module.vnet.data.azurerm_client_config.this",
            "module.vnet.data.modtm_module_source.telemetry",
            "module.vnet.modtm_telemetry.telemetry",
            "module.vnet.module.peering.azapi_resource.address_space_peering",
            "module.vnet.module.peering.azapi_resource.reverse",
            "module.vnet.module.peering.azapi_resource.reverse_address_space_peering",
            "module.vnet.module.peering.azapi_resource.reverse_subnet_peering",
            "module.vnet.module.peering.azapi_resource.subnet_peering",
            "module.vnet.module.peering.azapi_resource.this",
            "module.vnet.module.peering.azapi_update_resource.allow_multiple_peering_links_between_vnets",
            "module.vnet.module.peering.azapi_update_resource.remote_allow_multiple_peering_links_between_vnets",
            "module.vnet.module.subnet.azapi_resource.subnet",
            "module.vnet.module.subnet.azapi_update_resource.allow_deletion_of_ip_prefix_from_subnet",
            "module.vnet.module.subnet.azapi_update_resource.allow_multiple_address_prefixes_on_subnet",
            "module.vnet.module.subnet.azapi_update_resource.enable_shared_vnet",
            "module.vnet.module.subnet.azurerm_role_assignment.subnet",
            "module.vnet.random_uuid.telemetry",
            "module.vnet_peerings.azapi_resource.this"
          ]
        }
      ]
    },
    {
      "module": "module.vnet_peerings[\"southeastasia-westeurope\"]",
      "mode": "managed",
      "type": "azapi_resource",
      "name": "this",
      "provider": "provider[\"registry.terraform.io/azure/azapi\"]",
      "instances": [
        {
          "index_key": 0,
          "schema_version": 2,
          "attributes": {
            "body": {
              "value": {
                "properties": {
                  "allowForwardedTraffic": true,
                  "allowGatewayTransit": true,
                  "allowVirtualNetworkAccess": true,
                  "doNotVerifyRemoteGateways": false,
                  "enableOnlyIPv6Peering": false,
                  "peerCompleteVnets": true,
                  "remoteVirtualNetwork": {
                    "id": "/subscriptions/d1d0c4e7-df3f-41e7-bab1-56d09aecad39/resourceGroups/bdo-rg-prod/providers/Microsoft.Network/virtualNetworks/bdo-vnet-pvwi-prod"
                  },
                  "useRemoteGateways": false
                }
              },
              "type": [
                "object",
                {
                  "properties": [
                    "object",
                    {
                      "allowForwardedTraffic": "bool",
                      "allowGatewayTransit": "bool",
                      "allowVirtualNetworkAccess": "bool",
                      "doNotVerifyRemoteGateways": "bool",
                      "enableOnlyIPv6Peering": "bool",
                      "peerCompleteVnets": "bool",
                      "remoteVirtualNetwork": [
                        "object",
                        {
                          "id": "string"
                        }
                      ],
                      "useRemoteGateways": "bool"
                    }
                  ]
                }
              ]
            },
            "create_headers": null,
            "create_query_parameters": null,
            "delete_headers": null,
            "delete_query_parameters": null,
            "id": "/subscriptions/d1d0c4e7-df3f-41e7-bab1-56d09aecad39/resourceGroups/bdo-rg-test/providers/Microsoft.Network/virtualNetworks/bdo-vnet-pvwi-test/virtualNetworkPeerings/southeastasia-to-westeurope",
            "identity": [],
            "ignore_casing": false,
            "ignore_missing_property": true,
            "location": null,
            "locks": [
              "/subscriptions/d1d0c4e7-df3f-41e7-bab1-56d09aecad39/resourceGroups/bdo-rg-test/providers/Microsoft.Network/virtualNetworks/bdo-vnet-pvwi-test"
            ],
            "name": "southeastasia-to-westeurope",
            "output": {
              "value": {
                "id": "/subscriptions/d1d0c4e7-df3f-41e7-bab1-56d09aecad39/resourceGroups/bdo-rg-test/providers/Microsoft.Network/virtualNetworks/bdo-vnet-pvwi-test/virtualNetworkPeerings/southeastasia-to-westeurope",
                "properties": {
                  "provisioningState": "Succeeded",
                  "remoteAddressSpace": {
                    "addressPrefixes": [
                      "10.1.0.0/16"
                    ]
                  },
                  "remoteVirtualNetworkAddressSpace": {
                    "addressPrefixes": [
                      "10.1.0.0/16"
                    ]
                  },
                  "resourceGuid": "58a5c1f6-cd12-0824-0d06-0c11cc81c8ff"
                },
                "type": "Microsoft.Network/virtualNetworks/virtualNetworkPeerings"
              },
              "type": [
                "object",
                {
                  "id": "string",
                  "properties": [
                    "object",
                    {
                      "provisioningState": "string",
                      "remoteAddressSpace": [
                        "object",
                        {
                          "addressPrefixes": [
                            "tuple",
                            [
                              "string"
                            ]
                          ]
                        }
                      ],
                      "remoteVirtualNetworkAddressSpace": [
                        "object",
                        {
                          "addressPrefixes": [
                            "tuple",
                            [
                              "string"
                            ]
                          ]
                        }
                      ],
                      "resourceGuid": "string"
                    }
                  ],
                  "type": "string"
                }
              ]
            },
            "parent_id": "/subscriptions/d1d0c4e7-df3f-41e7-bab1-56d09aecad39/resourceGroups/bdo-rg-test/providers/Microsoft.Network/virtualNetworks/bdo-vnet-pvwi-test",
            "read_headers": null,
            "read_query_parameters": null,
            "replace_triggers_external_values": null,
            "replace_triggers_refs": null,
            "response_export_values": null,
            "retry": null,
            "schema_validation_enabled": true,
            "sensitive_body": null,
            "tags": null,
            "timeouts": null,
            "type": "Microsoft.Network/virtualNetworks/virtualNetworkPeerings@2023-11-01",
            "update_headers": null,
            "update_query_parameters": null
          },
          "sensitive_attributes": [],
          "private": "eyJzZW5zaXRpdmVfYm9keSI6ImV5Sm9ZWE5vSWpvaVpFTk9UMjFMTDI1VFdTc3hNblpJZW1GelRGaHBjM2Q2YkVkVU5WVklRVGRxUVVkWmEzWnRRM1ZSY3owaWZRPT0ifQ==",
          "dependencies": [
            "azurerm_resource_group.this",
            "module.naming.random_string.first_letter",
            "module.naming.random_string.main",
            "module.vnet.azapi_resource.vnet",
            "module.vnet.azapi_update_resource.allow_drop_unencrypted_vnet",
            "module.vnet.azurerm_management_lock.this",
            "module.vnet.azurerm_monitor_diagnostic_setting.this",
            "module.vnet.azurerm_role_assignment.vnet_level",
            "module.vnet.data.azurerm_client_config.telemetry",
            "module.vnet.data.azurerm_client_config.this",
            "module.vnet.data.modtm_module_source.telemetry",
            "module.vnet.modtm_telemetry.telemetry",
            "module.vnet.module.peering.azapi_resource.address_space_peering",
            "module.vnet.module.peering.azapi_resource.reverse",
            "module.vnet.module.peering.azapi_resource.reverse_address_space_peering",
            "module.vnet.module.peering.azapi_resource.reverse_subnet_peering",
            "module.vnet.module.peering.azapi_resource.subnet_peering",
            "module.vnet.module.peering.azapi_resource.this",
            "module.vnet.module.peering.azapi_update_resource.allow_multiple_peering_links_between_vnets",
            "module.vnet.module.peering.azapi_update_resource.remote_allow_multiple_peering_links_between_vnets",
            "module.vnet.module.subnet.azapi_resource.subnet",
            "module.vnet.module.subnet.azapi_update_resource.allow_deletion_of_ip_prefix_from_subnet",
            "module.vnet.module.subnet.azapi_update_resource.allow_multiple_address_prefixes_on_subnet",
            "module.vnet.module.subnet.azapi_update_resource.enable_shared_vnet",
            "module.vnet.module.subnet.azurerm_role_assignment.subnet",
            "module.vnet.random_uuid.telemetry"
          ]
        }
      ]
    }
  ],
  "check_results": [
    {
      "object_kind": "var",
      "config_addr": "module.vnet.var.extended_location",
      "status": "pass",
      "objects": [
        {
          "object_addr": "module.vnet[\"westeurope\"].var.extended_location",
          "status": "pass"
        },
        {
          "object_addr": "module.vnet[\"eastus\"].var.extended_location",
          "status": "pass"
        },
        {
          "object_addr": "module.vnet[\"southeastasia\"].var.extended_location",
          "status": "pass"
        }
      ]
    },
    {
      "object_kind": "var",
      "config_addr": "module.vnet.var.address_space",
      "status": "pass",
      "objects": [
        {
          "object_addr": "module.vnet[\"westeurope\"].var.address_space",
          "status": "pass"
        },
        {
          "object_addr": "module.vnet[\"eastus\"].var.address_space",
          "status": "pass"
        },
        {
          "object_addr": "module.vnet[\"southeastasia\"].var.address_space",
          "status": "pass"
        }
      ]
    },
    {
      "object_kind": "var",
      "config_addr": "module.vnet_peerings.var.reverse_peer_complete_vnets",
      "status": "pass",
      "objects": [
        {
          "object_addr": "module.vnet_peerings[\"eastus-westeurope\"].var.reverse_peer_complete_vnets",
          "status": "pass"
        },
        {
          "object_addr": "module.vnet_peerings[\"southeastasia-westeurope\"].var.reverse_peer_complete_vnets",
          "status": "pass"
        },
        {
          "object_addr": "module.vnet_peerings[\"eastus-southeastasia\"].var.reverse_peer_complete_vnets",
          "status": "pass"
        }
      ]
    },
    {
      "object_kind": "var",
      "config_addr": "module.vnet.module.peering.var.reverse_peer_complete_vnets",
      "status": "pass",
      "objects": null
    },
    {
      "object_kind": "var",
      "config_addr": "module.vnet.var.subnets",
      "status": "pass",
      "objects": [
        {
          "object_addr": "module.vnet[\"eastus\"].var.subnets",
          "status": "pass"
        },
        {
          "object_addr": "module.vnet[\"southeastasia\"].var.subnets",
          "status": "pass"
        },
        {
          "object_addr": "module.vnet[\"westeurope\"].var.subnets",
          "status": "pass"
        }
      ]
    },
    {
      "object_kind": "var",
      "config_addr": "module.vnet.var.encryption",
      "status": "pass",
      "objects": [
        {
          "object_addr": "module.vnet[\"eastus\"].var.encryption",
          "status": "pass"
        },
        {
          "object_addr": "module.vnet[\"southeastasia\"].var.encryption",
          "status": "pass"
        },
        {
          "object_addr": "module.vnet[\"westeurope\"].var.encryption",
          "status": "pass"
        }
      ]
    },
    {
      "object_kind": "var",
      "config_addr": "module.vnet.var.diagnostic_settings",
      "status": "pass",
      "objects": [
        {
          "object_addr": "module.vnet[\"southeastasia\"].var.diagnostic_settings",
          "status": "pass"
        },
        {
          "object_addr": "module.vnet[\"westeurope\"].var.diagnostic_settings",
          "status": "pass"
        },
        {
          "object_addr": "module.vnet[\"eastus\"].var.diagnostic_settings",
          "status": "pass"
        }
      ]
    },
    {
      "object_kind": "var",
      "config_addr": "module.vnet.module.subnet.var.address_prefixes",
      "status": "pass",
      "objects": null
    },
    {
      "object_kind": "var",
      "config_addr": "module.vnet.module.subnet.var.sharing_scope",
      "status": "pass",
      "objects": null
    },
    {
      "object_kind": "var",
      "config_addr": "module.vnet.module.peering.var.peer_complete_vnets",
      "status": "pass",
      "objects": null
    },
    {
      "object_kind": "var",
      "config_addr": "module.vnet.module.subnet.var.private_endpoint_network_policies",
      "status": "pass",
      "objects": null
    },
    {
      "object_kind": "var",
      "config_addr": "module.vnet_peerings.var.peer_complete_vnets",
      "status": "pass",
      "objects": [
        {
          "object_addr": "module.vnet_peerings[\"southeastasia-westeurope\"].var.peer_complete_vnets",
          "status": "pass"
        },
        {
          "object_addr": "module.vnet_peerings[\"eastus-southeastasia\"].var.peer_complete_vnets",
          "status": "pass"
        },
        {
          "object_addr": "module.vnet_peerings[\"eastus-westeurope\"].var.peer_complete_vnets",
          "status": "pass"
        }
      ]
    },
    {
      "object_kind": "var",
      "config_addr": "module.vnet.var.lock",
      "status": "pass",
      "objects": [
        {
          "object_addr": "module.vnet[\"eastus\"].var.lock",
          "status": "pass"
        },
        {
          "object_addr": "module.vnet[\"southeastasia\"].var.lock",
          "status": "pass"
        },
        {
          "object_addr": "module.vnet[\"westeurope\"].var.lock",
          "status": "pass"
        }
      ]
    }
  ]
}
