{
  "version": 4,
  "terraform_version": "1.9.0",
  "serial": 216,
  "lineage": "6016266f-c55f-2fac-2394-f49f871a8bc6",
  "outputs": {
    "vnet_eastus_id": {
      "value": "/subscriptions/d1d0c4e7-df3f-41e7-bab1-56d09aecad39/resourceGroups/contoso-test-eastus-rg/providers/Microsoft.Network/virtualNetworks/contoso-eastus-vnet-test",
      "type": "string"
    },
    "vnet_ids": {
      "value": {
        "eastus": "/subscriptions/d1d0c4e7-df3f-41e7-bab1-56d09aecad39/resourceGroups/contoso-test-eastus-rg/providers/Microsoft.Network/virtualNetworks/contoso-eastus-vnet-test",
        "southeastasia": "/subscriptions/d1d0c4e7-df3f-41e7-bab1-56d09aecad39/resourceGroups/contoso-test-southeastasia-rg/providers/Microsoft.Network/virtualNetworks/contoso-southeastasia-vnet-test",
        "westeurope": "/subscriptions/d1d0c4e7-df3f-41e7-bab1-56d09aecad39/resourceGroups/contoso-test-westeurope-rg/providers/Microsoft.Network/virtualNetworks/contoso-westeurope-vnet-test"
      },
      "type": [
        "object",
        {
          "eastus": "string",
          "southeastasia": "string",
          "westeurope": "string"
        }
      ]
    }
  },
  "resources": [
    {
      "mode": "managed",
      "type": "azurerm_resource_group",
      "name": "this",
      "provider": "provider[\"registry.terraform.io/hashicorp/azurerm\"]",
      "instances": [
        {
          "index_key": "eastus",
          "schema_version": 0,
          "attributes": {
            "id": "/subscriptions/d1d0c4e7-df3f-41e7-bab1-56d09aecad39/resourceGroups/contoso-test-eastus-rg",
            "location": "eastus",
            "managed_by": "",
            "name": "contoso-test-eastus-rg",
            "tags": {
              "CostCenter": "12345",
              "CreationDate": "2025-06-03",
              "Environment": "test",
              "Owner": "Hermes Miraflor",
              "Project": "Multi-Region VNet Peering",
              "managedBy": "Terraform"
            },
            "timeouts": null
          },
          "sensitive_attributes": [],
          "private": "eyJlMmJmYjczMC1lY2FhLTExZTYtOGY4OC0zNDM2M2JjN2M0YzAiOnsiY3JlYXRlIjo1NDAwMDAwMDAwMDAwLCJkZWxldGUiOjU0MDAwMDAwMDAwMDAsInJlYWQiOjMwMDAwMDAwMDAwMCwidXBkYXRlIjo1NDAwMDAwMDAwMDAwfX0="
        },
        {
          "index_key": "southeastasia",
          "schema_version": 0,
          "attributes": {
            "id": "/subscriptions/d1d0c4e7-df3f-41e7-bab1-56d09aecad39/resourceGroups/contoso-test-southeastasia-rg",
            "location": "southeastasia",
            "managed_by": "",
            "name": "contoso-test-southeastasia-rg",
            "tags": {
              "CostCenter": "12345",
              "CreationDate": "2025-06-03",
              "Environment": "test",
              "Owner": "Hermes Miraflor",
              "Project": "Multi-Region VNet Peering",
              "managedBy": "Terraform"
            },
            "timeouts": null
          },
          "sensitive_attributes": [],
          "private": "eyJlMmJmYjczMC1lY2FhLTExZTYtOGY4OC0zNDM2M2JjN2M0YzAiOnsiY3JlYXRlIjo1NDAwMDAwMDAwMDAwLCJkZWxldGUiOjU0MDAwMDAwMDAwMDAsInJlYWQiOjMwMDAwMDAwMDAwMCwidXBkYXRlIjo1NDAwMDAwMDAwMDAwfX0="
        },
        {
          "index_key": "westeurope",
          "schema_version": 0,
          "attributes": {
            "id": "/subscriptions/d1d0c4e7-df3f-41e7-bab1-56d09aecad39/resourceGroups/contoso-test-westeurope-rg",
            "location": "westeurope",
            "managed_by": "",
            "name": "contoso-test-westeurope-rg",
            "tags": {
              "CostCenter": "12345",
              "CreationDate": "2025-06-03",
              "Environment": "test",
              "Owner": "Hermes Miraflor",
              "Project": "Multi-Region VNet Peering",
              "managedBy": "Terraform"
            },
            "timeouts": null
          },
          "sensitive_attributes": [],
          "private": "eyJlMmJmYjczMC1lY2FhLTExZTYtOGY4OC0zNDM2M2JjN2M0YzAiOnsiY3JlYXRlIjo1NDAwMDAwMDAwMDAwLCJkZWxldGUiOjU0MDAwMDAwMDAwMDAsInJlYWQiOjMwMDAwMDAwMDAwMCwidXBkYXRlIjo1NDAwMDAwMDAwMDAwfX0="
        }
      ]
    },
    {
      "module": "module.naming",
      "mode": "managed",
      "type": "random_string",
      "name": "first_letter",
      "provider": "provider[\"registry.terraform.io/hashicorp/random\"]",
      "instances": [
        {
          "schema_version": 2,
          "attributes": {
            "id": "d",
            "keepers": null,
            "length": 1,
            "lower": true,
            "min_lower": 0,
            "min_numeric": 0,
            "min_special": 0,
            "min_upper": 0,
            "number": false,
            "numeric": false,
            "override_special": null,
            "result": "d",
            "special": false,
            "upper": false
          },
          "sensitive_attributes": []
        }
      ]
    },
    {
      "module": "module.naming",
      "mode": "managed",
      "type": "random_string",
      "name": "main",
      "provider": "provider[\"registry.terraform.io/hashicorp/random\"]",
      "instances": [
        {
          "schema_version": 2,
          "attributes": {
            "id": "t4lkgdamg9ok4k15uf8etffp3ljx686g59s7bgdibqdb9mmhbrs6xt49gcvm",
            "keepers": null,
            "length": 60,
            "lower": true,
            "min_lower": 0,
            "min_numeric": 0,
            "min_special": 0,
            "min_upper": 0,
            "number": true,
            "numeric": true,
            "override_special": null,
            "result": "t4lkgdamg9ok4k15uf8etffp3ljx686g59s7bgdibqdb9mmhbrs6xt49gcvm",
            "special": false,
            "upper": false
          },
          "sensitive_attributes": []
        }
      ]
    },
    {
      "module": "module.regions",
      "mode": "data",
      "type": "azurerm_client_config",
      "name": "current",
      "provider": "provider[\"registry.terraform.io/hashicorp/azurerm\"]",
      "instances": [
        {
          "schema_version": 0,
          "attributes": {
            "client_id": "04b07795-8ddb-461a-bbee-02f9e1bf7b46",
            "id": "Y2xpZW50Q29uZmlncy9jbGllbnRJZD0wNGIwNzc5NS04ZGRiLTQ2MWEtYmJlZS0wMmY5ZTFiZjdiNDY7b2JqZWN0SWQ9YzIzYmQ0MjItZWIyNy00YzYwLWFkMWYtYWE1MzgyNGUyMjYxO3N1YnNjcmlwdGlvbklkPWQxZDBjNGU3LWRmM2YtNDFlNy1iYWIxLTU2ZDA5YWVjYWQzOTt0ZW5hbnRJZD04MDRhZThlZS0wNjkyLTRmNDktYjNhYy00ZDQ5ZjVkMjA2MDA=",
            "object_id": "c23bd422-eb27-4c60-ad1f-aa53824e2261",
            "subscription_id": "d1d0c4e7-df3f-41e7-bab1-56d09aecad39",
            "tenant_id": "804ae8ee-0692-4f49-b3ac-4d49f5d20600",
            "timeouts": null
          },
          "sensitive_attributes": []
        }
      ]
    },
    {
      "module": "module.vnet[\"eastus\"]",
      "mode": "data",
      "type": "azurerm_client_config",
      "name": "telemetry",
      "provider": "provider[\"registry.terraform.io/hashicorp/azurerm\"]",
      "instances": [
        {
          "index_key": 0,
          "schema_version": 0,
          "attributes": {
            "client_id": "04b07795-8ddb-461a-bbee-02f9e1bf7b46",
            "id": "Y2xpZW50Q29uZmlncy9jbGllbnRJZD0wNGIwNzc5NS04ZGRiLTQ2MWEtYmJlZS0wMmY5ZTFiZjdiNDY7b2JqZWN0SWQ9YzIzYmQ0MjItZWIyNy00YzYwLWFkMWYtYWE1MzgyNGUyMjYxO3N1YnNjcmlwdGlvbklkPWQxZDBjNGU3LWRmM2YtNDFlNy1iYWIxLTU2ZDA5YWVjYWQzOTt0ZW5hbnRJZD04MDRhZThlZS0wNjkyLTRmNDktYjNhYy00ZDQ5ZjVkMjA2MDA=",
            "object_id": "c23bd422-eb27-4c60-ad1f-aa53824e2261",
            "subscription_id": "d1d0c4e7-df3f-41e7-bab1-56d09aecad39",
            "tenant_id": "804ae8ee-0692-4f49-b3ac-4d49f5d20600",
            "timeouts": null
          },
          "sensitive_attributes": []
        }
      ]
    },
    {
      "module": "module.vnet[\"eastus\"]",
      "mode": "data",
      "type": "azurerm_client_config",
      "name": "this",
      "provider": "provider[\"registry.terraform.io/hashicorp/azurerm\"]",
      "instances": [
        {
          "schema_version": 0,
          "attributes": {
            "client_id": "04b07795-8ddb-461a-bbee-02f9e1bf7b46",
            "id": "Y2xpZW50Q29uZmlncy9jbGllbnRJZD0wNGIwNzc5NS04ZGRiLTQ2MWEtYmJlZS0wMmY5ZTFiZjdiNDY7b2JqZWN0SWQ9YzIzYmQ0MjItZWIyNy00YzYwLWFkMWYtYWE1MzgyNGUyMjYxO3N1YnNjcmlwdGlvbklkPWQxZDBjNGU3LWRmM2YtNDFlNy1iYWIxLTU2ZDA5YWVjYWQzOTt0ZW5hbnRJZD04MDRhZThlZS0wNjkyLTRmNDktYjNhYy00ZDQ5ZjVkMjA2MDA=",
            "object_id": "c23bd422-eb27-4c60-ad1f-aa53824e2261",
            "subscription_id": "d1d0c4e7-df3f-41e7-bab1-56d09aecad39",
            "tenant_id": "804ae8ee-0692-4f49-b3ac-4d49f5d20600",
            "timeouts": null
          },
          "sensitive_attributes": []
        }
      ]
    },
    {
      "module": "module.vnet[\"eastus\"]",
      "mode": "data",
      "type": "modtm_module_source",
      "name": "telemetry",
      "provider": "provider[\"registry.terraform.io/azure/modtm\"]",
      "instances": [
        {
          "index_key": 0,
          "schema_version": 0,
          "attributes": {
            "module_path": ".terraform/modules/vnet",
            "module_source": "registry.terraform.io/Azure/avm-res-network-virtualnetwork/azurerm",
            "module_version": "0.8.1"
          },
          "sensitive_attributes": []
        }
      ]
    },
    {
      "module": "module.vnet[\"eastus\"]",
      "mode": "managed",
      "type": "azapi_resource",
      "name": "vnet",
      "provider": "provider[\"registry.terraform.io/azure/azapi\"]",
      "instances": [
        {
          "schema_version": 2,
          "attributes": {
            "body": {
              "value": {
                "extendedLocation": null,
                "properties": {
                  "addressSpace": {
                    "addressPrefixes": [
                      "10.0.0.0/16"
                    ]
                  },
                  "bgpCommunities": null,
                  "ddosProtectionPlan": null,
                  "dhcpOptions": null,
                  "enableDdosProtection": false,
                  "enableVmProtection": false,
                  "encryption": {
                    "enabled": true,
                    "enforcement": "AllowUnencrypted"
                  },
                  "flowTimeoutInMinutes": null
                }
              },
              "type": [
                "object",
                {
                  "extendedLocation": [
                    "object",
                    {
                      "name": "dynamic",
                      "type": "dynamic"
                    }
                  ],
                  "properties": [
                    "object",
                    {
                      "addressSpace": [
                        "object",
                        {
                          "addressPrefixes": [
                            "set",
                            "string"
                          ]
                        }
                      ],
                      "bgpCommunities": [
                        "object",
                        {
                          "virtualNetworkCommunity": "string"
                        }
                      ],
                      "ddosProtectionPlan": [
                        "object",
                        {
                          "id": "dynamic"
                        }
                      ],
                      "dhcpOptions": [
                        "object",
                        {
                          "dnsServers": "dynamic"
                        }
                      ],
                      "enableDdosProtection": "bool",
                      "enableVmProtection": "bool",
                      "encryption": [
                        "object",
                        {
                          "enabled": "bool",
                          "enforcement": "string"
                        }
                      ],
                      "flowTimeoutInMinutes": "number"
                    }
                  ]
                }
              ]
            },
            "create_headers": null,
            "create_query_parameters": null,
            "delete_headers": null,
            "delete_query_parameters": null,
            "id": "/subscriptions/d1d0c4e7-df3f-41e7-bab1-56d09aecad39/resourceGroups/contoso-test-eastus-rg/providers/Microsoft.Network/virtualNetworks/contoso-eastus-vnet-test",
            "identity": [],
            "ignore_casing": false,
            "ignore_missing_property": true,
            "location": "eastus",
            "locks": null,
            "name": "contoso-eastus-vnet-test",
            "output": {
              "value": {
                "id": "/subscriptions/d1d0c4e7-df3f-41e7-bab1-56d09aecad39/resourceGroups/contoso-test-eastus-rg/providers/Microsoft.Network/virtualNetworks/contoso-eastus-vnet-test",
                "properties": {
                  "addressSpace": {
                    "addressPrefixes": [
                      "10.0.0.0/16"
                    ]
                  },
                  "provisioningState": "Succeeded",
                  "resourceGuid": "2f9c8ee7-1d95-4ba0-8a77-73baf2304bd0"
                },
                "tags": {
                  "CostCenter": "12345",
                  "CreationDate": "2025-06-03",
                  "Environment": "test",
                  "Owner": "Hermes Miraflor",
                  "Project": "Multi-Region VNet Peering",
                  "managedBy": "Terraform"
                },
                "type": "Microsoft.Network/virtualNetworks"
              },
              "type": [
                "object",
                {
                  "id": "string",
                  "properties": [
                    "object",
                    {
                      "addressSpace": [
                        "object",
                        {
                          "addressPrefixes": [
                            "tuple",
                            [
                              "string"
                            ]
                          ]
                        }
                      ],
                      "provisioningState": "string",
                      "resourceGuid": "string"
                    }
                  ],
                  "tags": [
                    "object",
                    {
                      "CostCenter": "string",
                      "CreationDate": "string",
                      "Environment": "string",
                      "Owner": "string",
                      "Project": "string",
                      "managedBy": "string"
                    }
                  ],
                  "type": "string"
                }
              ]
            },
            "parent_id": "/subscriptions/d1d0c4e7-df3f-41e7-bab1-56d09aecad39/resourceGroups/contoso-test-eastus-rg",
            "read_headers": null,
            "read_query_parameters": null,
            "replace_triggers_external_values": null,
            "replace_triggers_refs": null,
            "response_export_values": null,
            "retry": null,
            "schema_validation_enabled": true,
            "sensitive_body": null,
            "tags": {
              "CostCenter": "12345",
              "CreationDate": "2025-06-03",
              "Environment": "test",
              "Owner": "Hermes Miraflor",
              "Project": "Multi-Region VNet Peering",
              "managedBy": "Terraform"
            },
            "timeouts": null,
            "type": "Microsoft.Network/virtualNetworks@2023-11-01",
            "update_headers": null,
            "update_query_parameters": null
          },
          "sensitive_attributes": [],
          "private": "eyJzZW5zaXRpdmVfYm9keSI6ImV5Sm9ZWE5vSWpvaVpFTk9UMjFMTDI1VFdTc3hNblpJZW1GelRGaHBjM2Q2YkVkVU5WVklRVGRxUVVkWmEzWnRRM1ZSY3owaWZRPT0ifQ==",
          "dependencies": [
            "azurerm_resource_group.this",
            "module.vnet.azapi_update_resource.allow_drop_unencrypted_vnet",
            "module.vnet.data.azurerm_client_config.this"
          ]
        }
      ]
    },
    {
      "module": "module.vnet[\"eastus\"]",
      "mode": "managed",
      "type": "azapi_update_resource",
      "name": "allow_drop_unencrypted_vnet",
      "provider": "provider[\"registry.terraform.io/azure/azapi\"]",
      "instances": []
    },
    {
      "module": "module.vnet[\"eastus\"]",
      "mode": "managed",
      "type": "modtm_telemetry",
      "name": "telemetry",
      "provider": "provider[\"registry.terraform.io/azure/modtm\"]",
      "instances": [
        {
          "index_key": 0,
          "schema_version": 0,
          "attributes": {
            "endpoint": null,
            "ephemeral_number": null,
            "id": "c72b1725-7f66-4aa8-98ba-ae425cc76271",
            "nonce": null,
            "tags": {
              "module_source": "registry.terraform.io/Azure/avm-res-network-virtualnetwork/azurerm",
              "module_version": "0.8.1",
              "random_id": "4ac4a4c2-70e1-71de-03b4-2ffe3ad53431",
              "subscription_id": "d1d0c4e7-df3f-41e7-bab1-56d09aecad39",
              "tenant_id": "804ae8ee-0692-4f49-b3ac-4d49f5d20600"
            }
          },
          "sensitive_attributes": [],
          "dependencies": [
            "module.vnet.data.azurerm_client_config.telemetry",
            "module.vnet.data.modtm_module_source.telemetry",
            "module.vnet.random_uuid.telemetry"
          ]
        }
      ]
    },
    {
      "module": "module.vnet[\"eastus\"]",
      "mode": "managed",
      "type": "random_uuid",
      "name": "telemetry",
      "provider": "provider[\"registry.terraform.io/hashicorp/random\"]",
      "instances": [
        {
          "index_key": 0,
          "schema_version": 0,
          "attributes": {
            "id": "4ac4a4c2-70e1-71de-03b4-2ffe3ad53431",
            "keepers": null,
            "result": "4ac4a4c2-70e1-71de-03b4-2ffe3ad53431"
          },
          "sensitive_attributes": []
        }
      ]
    },
    {
      "module": "module.vnet[\"southeastasia\"]",
      "mode": "data",
      "type": "azurerm_client_config",
      "name": "telemetry",
      "provider": "provider[\"registry.terraform.io/hashicorp/azurerm\"]",
      "instances": [
        {
          "index_key": 0,
          "schema_version": 0,
          "attributes": {
            "client_id": "04b07795-8ddb-461a-bbee-02f9e1bf7b46",
            "id": "Y2xpZW50Q29uZmlncy9jbGllbnRJZD0wNGIwNzc5NS04ZGRiLTQ2MWEtYmJlZS0wMmY5ZTFiZjdiNDY7b2JqZWN0SWQ9YzIzYmQ0MjItZWIyNy00YzYwLWFkMWYtYWE1MzgyNGUyMjYxO3N1YnNjcmlwdGlvbklkPWQxZDBjNGU3LWRmM2YtNDFlNy1iYWIxLTU2ZDA5YWVjYWQzOTt0ZW5hbnRJZD04MDRhZThlZS0wNjkyLTRmNDktYjNhYy00ZDQ5ZjVkMjA2MDA=",
            "object_id": "c23bd422-eb27-4c60-ad1f-aa53824e2261",
            "subscription_id": "d1d0c4e7-df3f-41e7-bab1-56d09aecad39",
            "tenant_id": "804ae8ee-0692-4f49-b3ac-4d49f5d20600",
            "timeouts": null
          },
          "sensitive_attributes": []
        }
      ]
    },
    {
      "module": "module.vnet[\"southeastasia\"]",
      "mode": "data",
      "type": "azurerm_client_config",
      "name": "this",
      "provider": "provider[\"registry.terraform.io/hashicorp/azurerm\"]",
      "instances": [
        {
          "schema_version": 0,
          "attributes": {
            "client_id": "04b07795-8ddb-461a-bbee-02f9e1bf7b46",
            "id": "Y2xpZW50Q29uZmlncy9jbGllbnRJZD0wNGIwNzc5NS04ZGRiLTQ2MWEtYmJlZS0wMmY5ZTFiZjdiNDY7b2JqZWN0SWQ9YzIzYmQ0MjItZWIyNy00YzYwLWFkMWYtYWE1MzgyNGUyMjYxO3N1YnNjcmlwdGlvbklkPWQxZDBjNGU3LWRmM2YtNDFlNy1iYWIxLTU2ZDA5YWVjYWQzOTt0ZW5hbnRJZD04MDRhZThlZS0wNjkyLTRmNDktYjNhYy00ZDQ5ZjVkMjA2MDA=",
            "object_id": "c23bd422-eb27-4c60-ad1f-aa53824e2261",
            "subscription_id": "d1d0c4e7-df3f-41e7-bab1-56d09aecad39",
            "tenant_id": "804ae8ee-0692-4f49-b3ac-4d49f5d20600",
            "timeouts": null
          },
          "sensitive_attributes": []
        }
      ]
    },
    {
      "module": "module.vnet[\"southeastasia\"]",
      "mode": "data",
      "type": "modtm_module_source",
      "name": "telemetry",
      "provider": "provider[\"registry.terraform.io/azure/modtm\"]",
      "instances": [
        {
          "index_key": 0,
          "schema_version": 0,
          "attributes": {
            "module_path": ".terraform/modules/vnet",
            "module_source": "registry.terraform.io/Azure/avm-res-network-virtualnetwork/azurerm",
            "module_version": "0.8.1"
          },
          "sensitive_attributes": []
        }
      ]
    },
    {
      "module": "module.vnet[\"southeastasia\"]",
      "mode": "managed",
      "type": "azapi_resource",
      "name": "vnet",
      "provider": "provider[\"registry.terraform.io/azure/azapi\"]",
      "instances": [
        {
          "schema_version": 2,
          "attributes": {
            "body": {
              "value": {
                "extendedLocation": null,
                "properties": {
                  "addressSpace": {
                    "addressPrefixes": [
                      "10.2.0.0/16"
                    ]
                  },
                  "bgpCommunities": null,
                  "ddosProtectionPlan": null,
                  "dhcpOptions": null,
                  "enableDdosProtection": false,
                  "enableVmProtection": false,
                  "encryption": {
                    "enabled": true,
                    "enforcement": "AllowUnencrypted"
                  },
                  "flowTimeoutInMinutes": null
                }
              },
              "type": [
                "object",
                {
                  "extendedLocation": [
                    "object",
                    {
                      "name": "dynamic",
                      "type": "dynamic"
                    }
                  ],
                  "properties": [
                    "object",
                    {
                      "addressSpace": [
                        "object",
                        {
                          "addressPrefixes": [
                            "set",
                            "string"
                          ]
                        }
                      ],
                      "bgpCommunities": [
                        "object",
                        {
                          "virtualNetworkCommunity": "string"
                        }
                      ],
                      "ddosProtectionPlan": [
                        "object",
                        {
                          "id": "dynamic"
                        }
                      ],
                      "dhcpOptions": [
                        "object",
                        {
                          "dnsServers": "dynamic"
                        }
                      ],
                      "enableDdosProtection": "bool",
                      "enableVmProtection": "bool",
                      "encryption": [
                        "object",
                        {
                          "enabled": "bool",
                          "enforcement": "string"
                        }
                      ],
                      "flowTimeoutInMinutes": "number"
                    }
                  ]
                }
              ]
            },
            "create_headers": null,
            "create_query_parameters": null,
            "delete_headers": null,
            "delete_query_parameters": null,
            "id": "/subscriptions/d1d0c4e7-df3f-41e7-bab1-56d09aecad39/resourceGroups/contoso-test-southeastasia-rg/providers/Microsoft.Network/virtualNetworks/contoso-southeastasia-vnet-test",
            "identity": [],
            "ignore_casing": false,
            "ignore_missing_property": true,
            "location": "southeastasia",
            "locks": null,
            "name": "contoso-southeastasia-vnet-test",
            "output": {
              "value": {
                "id": "/subscriptions/d1d0c4e7-df3f-41e7-bab1-56d09aecad39/resourceGroups/contoso-test-southeastasia-rg/providers/Microsoft.Network/virtualNetworks/contoso-southeastasia-vnet-test",
                "properties": {
                  "addressSpace": {
                    "addressPrefixes": [
                      "10.2.0.0/16"
                    ]
                  },
                  "provisioningState": "Succeeded",
                  "resourceGuid": "91e86c68-1e4f-43a5-81c5-011cb76b69e7"
                },
                "tags": {
                  "CostCenter": "12345",
                  "CreationDate": "2025-06-03",
                  "Environment": "test",
                  "Owner": "Hermes Miraflor",
                  "Project": "Multi-Region VNet Peering",
                  "managedBy": "Terraform"
                },
                "type": "Microsoft.Network/virtualNetworks"
              },
              "type": [
                "object",
                {
                  "id": "string",
                  "properties": [
                    "object",
                    {
                      "addressSpace": [
                        "object",
                        {
                          "addressPrefixes": [
                            "tuple",
                            [
                              "string"
                            ]
                          ]
                        }
                      ],
                      "provisioningState": "string",
                      "resourceGuid": "string"
                    }
                  ],
                  "tags": [
                    "object",
                    {
                      "CostCenter": "string",
                      "CreationDate": "string",
                      "Environment": "string",
                      "Owner": "string",
                      "Project": "string",
                      "managedBy": "string"
                    }
                  ],
                  "type": "string"
                }
              ]
            },
            "parent_id": "/subscriptions/d1d0c4e7-df3f-41e7-bab1-56d09aecad39/resourceGroups/contoso-test-southeastasia-rg",
            "read_headers": null,
            "read_query_parameters": null,
            "replace_triggers_external_values": null,
            "replace_triggers_refs": null,
            "response_export_values": null,
            "retry": null,
            "schema_validation_enabled": true,
            "sensitive_body": null,
            "tags": {
              "CostCenter": "12345",
              "CreationDate": "2025-06-03",
              "Environment": "test",
              "Owner": "Hermes Miraflor",
              "Project": "Multi-Region VNet Peering",
              "managedBy": "Terraform"
            },
            "timeouts": null,
            "type": "Microsoft.Network/virtualNetworks@2023-11-01",
            "update_headers": null,
            "update_query_parameters": null
          },
          "sensitive_attributes": [],
          "private": "eyJzZW5zaXRpdmVfYm9keSI6ImV5Sm9ZWE5vSWpvaVpFTk9UMjFMTDI1VFdTc3hNblpJZW1GelRGaHBjM2Q2YkVkVU5WVklRVGRxUVVkWmEzWnRRM1ZSY3owaWZRPT0ifQ==",
          "dependencies": [
            "azurerm_resource_group.this",
            "module.vnet.azapi_update_resource.allow_drop_unencrypted_vnet",
            "module.vnet.data.azurerm_client_config.this"
          ]
        }
      ]
    },
    {
      "module": "module.vnet[\"southeastasia\"]",
      "mode": "managed",
      "type": "azapi_update_resource",
      "name": "allow_drop_unencrypted_vnet",
      "provider": "provider[\"registry.terraform.io/azure/azapi\"]",
      "instances": []
    },
    {
      "module": "module.vnet[\"southeastasia\"]",
      "mode": "managed",
      "type": "modtm_telemetry",
      "name": "telemetry",
      "provider": "provider[\"registry.terraform.io/azure/modtm\"]",
      "instances": [
        {
          "index_key": 0,
          "schema_version": 0,
          "attributes": {
            "endpoint": null,
            "ephemeral_number": null,
            "id": "a8177a0c-b712-42af-95dc-cdd93d6b1e89",
            "nonce": null,
            "tags": {
              "module_source": "registry.terraform.io/Azure/avm-res-network-virtualnetwork/azurerm",
              "module_version": "0.8.1",
              "random_id": "013a6175-e4a6-1c35-a9ed-7b029920df4a",
              "subscription_id": "d1d0c4e7-df3f-41e7-bab1-56d09aecad39",
              "tenant_id": "804ae8ee-0692-4f49-b3ac-4d49f5d20600"
            }
          },
          "sensitive_attributes": [],
          "dependencies": [
            "module.vnet.data.azurerm_client_config.telemetry",
            "module.vnet.data.modtm_module_source.telemetry",
            "module.vnet.random_uuid.telemetry"
          ]
        }
      ]
    },
    {
      "module": "module.vnet[\"southeastasia\"]",
      "mode": "managed",
      "type": "random_uuid",
      "name": "telemetry",
      "provider": "provider[\"registry.terraform.io/hashicorp/random\"]",
      "instances": [
        {
          "index_key": 0,
          "schema_version": 0,
          "attributes": {
            "id": "013a6175-e4a6-1c35-a9ed-7b029920df4a",
            "keepers": null,
            "result": "013a6175-e4a6-1c35-a9ed-7b029920df4a"
          },
          "sensitive_attributes": []
        }
      ]
    },
    {
      "module": "module.vnet[\"westeurope\"]",
      "mode": "data",
      "type": "azurerm_client_config",
      "name": "telemetry",
      "provider": "provider[\"registry.terraform.io/hashicorp/azurerm\"]",
      "instances": [
        {
          "index_key": 0,
          "schema_version": 0,
          "attributes": {
            "client_id": "04b07795-8ddb-461a-bbee-02f9e1bf7b46",
            "id": "Y2xpZW50Q29uZmlncy9jbGllbnRJZD0wNGIwNzc5NS04ZGRiLTQ2MWEtYmJlZS0wMmY5ZTFiZjdiNDY7b2JqZWN0SWQ9YzIzYmQ0MjItZWIyNy00YzYwLWFkMWYtYWE1MzgyNGUyMjYxO3N1YnNjcmlwdGlvbklkPWQxZDBjNGU3LWRmM2YtNDFlNy1iYWIxLTU2ZDA5YWVjYWQzOTt0ZW5hbnRJZD04MDRhZThlZS0wNjkyLTRmNDktYjNhYy00ZDQ5ZjVkMjA2MDA=",
            "object_id": "c23bd422-eb27-4c60-ad1f-aa53824e2261",
            "subscription_id": "d1d0c4e7-df3f-41e7-bab1-56d09aecad39",
            "tenant_id": "804ae8ee-0692-4f49-b3ac-4d49f5d20600",
            "timeouts": null
          },
          "sensitive_attributes": []
        }
      ]
    },
    {
      "module": "module.vnet[\"westeurope\"]",
      "mode": "data",
      "type": "azurerm_client_config",
      "name": "this",
      "provider": "provider[\"registry.terraform.io/hashicorp/azurerm\"]",
      "instances": [
        {
          "schema_version": 0,
          "attributes": {
            "client_id": "04b07795-8ddb-461a-bbee-02f9e1bf7b46",
            "id": "Y2xpZW50Q29uZmlncy9jbGllbnRJZD0wNGIwNzc5NS04ZGRiLTQ2MWEtYmJlZS0wMmY5ZTFiZjdiNDY7b2JqZWN0SWQ9YzIzYmQ0MjItZWIyNy00YzYwLWFkMWYtYWE1MzgyNGUyMjYxO3N1YnNjcmlwdGlvbklkPWQxZDBjNGU3LWRmM2YtNDFlNy1iYWIxLTU2ZDA5YWVjYWQzOTt0ZW5hbnRJZD04MDRhZThlZS0wNjkyLTRmNDktYjNhYy00ZDQ5ZjVkMjA2MDA=",
            "object_id": "c23bd422-eb27-4c60-ad1f-aa53824e2261",
            "subscription_id": "d1d0c4e7-df3f-41e7-bab1-56d09aecad39",
            "tenant_id": "804ae8ee-0692-4f49-b3ac-4d49f5d20600",
            "timeouts": null
          },
          "sensitive_attributes": []
        }
      ]
    },
    {
      "module": "module.vnet[\"westeurope\"]",
      "mode": "data",
      "type": "modtm_module_source",
      "name": "telemetry",
      "provider": "provider[\"registry.terraform.io/azure/modtm\"]",
      "instances": [
        {
          "index_key": 0,
          "schema_version": 0,
          "attributes": {
            "module_path": ".terraform/modules/vnet",
            "module_source": "registry.terraform.io/Azure/avm-res-network-virtualnetwork/azurerm",
            "module_version": "0.8.1"
          },
          "sensitive_attributes": []
        }
      ]
    },
    {
      "module": "module.vnet[\"westeurope\"]",
      "mode": "managed",
      "type": "azapi_resource",
      "name": "vnet",
      "provider": "provider[\"registry.terraform.io/azure/azapi\"]",
      "instances": [
        {
          "schema_version": 2,
          "attributes": {
            "body": {
              "value": {
                "extendedLocation": null,
                "properties": {
                  "addressSpace": {
                    "addressPrefixes": [
                      "10.1.0.0/16"
                    ]
                  },
                  "bgpCommunities": null,
                  "ddosProtectionPlan": null,
                  "dhcpOptions": null,
                  "enableDdosProtection": false,
                  "enableVmProtection": false,
                  "encryption": {
                    "enabled": true,
                    "enforcement": "AllowUnencrypted"
                  },
                  "flowTimeoutInMinutes": null
                }
              },
              "type": [
                "object",
                {
                  "extendedLocation": [
                    "object",
                    {
                      "name": "dynamic",
                      "type": "dynamic"
                    }
                  ],
                  "properties": [
                    "object",
                    {
                      "addressSpace": [
                        "object",
                        {
                          "addressPrefixes": [
                            "set",
                            "string"
                          ]
                        }
                      ],
                      "bgpCommunities": [
                        "object",
                        {
                          "virtualNetworkCommunity": "string"
                        }
                      ],
                      "ddosProtectionPlan": [
                        "object",
                        {
                          "id": "dynamic"
                        }
                      ],
                      "dhcpOptions": [
                        "object",
                        {
                          "dnsServers": "dynamic"
                        }
                      ],
                      "enableDdosProtection": "bool",
                      "enableVmProtection": "bool",
                      "encryption": [
                        "object",
                        {
                          "enabled": "bool",
                          "enforcement": "string"
                        }
                      ],
                      "flowTimeoutInMinutes": "number"
                    }
                  ]
                }
              ]
            },
            "create_headers": null,
            "create_query_parameters": null,
            "delete_headers": null,
            "delete_query_parameters": null,
            "id": "/subscriptions/d1d0c4e7-df3f-41e7-bab1-56d09aecad39/resourceGroups/contoso-test-westeurope-rg/providers/Microsoft.Network/virtualNetworks/contoso-westeurope-vnet-test",
            "identity": [],
            "ignore_casing": false,
            "ignore_missing_property": true,
            "location": "westeurope",
            "locks": null,
            "name": "contoso-westeurope-vnet-test",
            "output": {
              "value": {
                "id": "/subscriptions/d1d0c4e7-df3f-41e7-bab1-56d09aecad39/resourceGroups/contoso-test-westeurope-rg/providers/Microsoft.Network/virtualNetworks/contoso-westeurope-vnet-test",
                "properties": {
                  "addressSpace": {
                    "addressPrefixes": [
                      "10.1.0.0/16"
                    ]
                  },
                  "provisioningState": "Succeeded",
                  "resourceGuid": "1b172e6d-cdf5-4f64-a0eb-909fc4590965"
                },
                "tags": {
                  "CostCenter": "12345",
                  "CreationDate": "2025-06-03",
                  "Environment": "test",
                  "Owner": "Hermes Miraflor",
                  "Project": "Multi-Region VNet Peering",
                  "managedBy": "Terraform"
                },
                "type": "Microsoft.Network/virtualNetworks"
              },
              "type": [
                "object",
                {
                  "id": "string",
                  "properties": [
                    "object",
                    {
                      "addressSpace": [
                        "object",
                        {
                          "addressPrefixes": [
                            "tuple",
                            [
                              "string"
                            ]
                          ]
                        }
                      ],
                      "provisioningState": "string",
                      "resourceGuid": "string"
                    }
                  ],
                  "tags": [
                    "object",
                    {
                      "CostCenter": "string",
                      "CreationDate": "string",
                      "Environment": "string",
                      "Owner": "string",
                      "Project": "string",
                      "managedBy": "string"
                    }
                  ],
                  "type": "string"
                }
              ]
            },
            "parent_id": "/subscriptions/d1d0c4e7-df3f-41e7-bab1-56d09aecad39/resourceGroups/contoso-test-westeurope-rg",
            "read_headers": null,
            "read_query_parameters": null,
            "replace_triggers_external_values": null,
            "replace_triggers_refs": null,
            "response_export_values": null,
            "retry": null,
            "schema_validation_enabled": true,
            "sensitive_body": null,
            "tags": {
              "CostCenter": "12345",
              "CreationDate": "2025-06-03",
              "Environment": "test",
              "Owner": "Hermes Miraflor",
              "Project": "Multi-Region VNet Peering",
              "managedBy": "Terraform"
            },
            "timeouts": null,
            "type": "Microsoft.Network/virtualNetworks@2023-11-01",
            "update_headers": null,
            "update_query_parameters": null
          },
          "sensitive_attributes": [],
          "private": "eyJzZW5zaXRpdmVfYm9keSI6ImV5Sm9ZWE5vSWpvaVpFTk9UMjFMTDI1VFdTc3hNblpJZW1GelRGaHBjM2Q2YkVkVU5WVklRVGRxUVVkWmEzWnRRM1ZSY3owaWZRPT0ifQ==",
          "dependencies": [
            "azurerm_resource_group.this",
            "module.vnet.azapi_update_resource.allow_drop_unencrypted_vnet",
            "module.vnet.data.azurerm_client_config.this"
          ]
        }
      ]
    },
    {
      "module": "module.vnet[\"westeurope\"]",
      "mode": "managed",
      "type": "azapi_update_resource",
      "name": "allow_drop_unencrypted_vnet",
      "provider": "provider[\"registry.terraform.io/azure/azapi\"]",
      "instances": []
    },
    {
      "module": "module.vnet[\"westeurope\"]",
      "mode": "managed",
      "type": "modtm_telemetry",
      "name": "telemetry",
      "provider": "provider[\"registry.terraform.io/azure/modtm\"]",
      "instances": [
        {
          "index_key": 0,
          "schema_version": 0,
          "attributes": {
            "endpoint": null,
            "ephemeral_number": null,
            "id": "da32da7d-e05a-4725-8c8c-9de5b4ab8ac6",
            "nonce": null,
            "tags": {
              "module_source": "registry.terraform.io/Azure/avm-res-network-virtualnetwork/azurerm",
              "module_version": "0.8.1",
              "random_id": "86a8b293-825c-03db-d52c-b2bf7c1e36ef",
              "subscription_id": "d1d0c4e7-df3f-41e7-bab1-56d09aecad39",
              "tenant_id": "804ae8ee-0692-4f49-b3ac-4d49f5d20600"
            }
          },
          "sensitive_attributes": [],
          "dependencies": [
            "module.vnet.data.azurerm_client_config.telemetry",
            "module.vnet.data.modtm_module_source.telemetry",
            "module.vnet.random_uuid.telemetry"
          ]
        }
      ]
    },
    {
      "module": "module.vnet[\"westeurope\"]",
      "mode": "managed",
      "type": "random_uuid",
      "name": "telemetry",
      "provider": "provider[\"registry.terraform.io/hashicorp/random\"]",
      "instances": [
        {
          "index_key": 0,
          "schema_version": 0,
          "attributes": {
            "id": "86a8b293-825c-03db-d52c-b2bf7c1e36ef",
            "keepers": null,
            "result": "86a8b293-825c-03db-d52c-b2bf7c1e36ef"
          },
          "sensitive_attributes": []
        }
      ]
    },
    {
      "module": "module.vnet_peerings[\"eastus-to-southeastasia\"]",
      "mode": "managed",
      "type": "azapi_resource",
      "name": "this",
      "provider": "provider[\"registry.terraform.io/azure/azapi\"]",
      "instances": [
        {
          "index_key": 0,
          "schema_version": 2,
          "attributes": {
            "body": {
              "value": {
                "properties": {
                  "allowForwardedTraffic": true,
                  "allowGatewayTransit": true,
                  "allowVirtualNetworkAccess": true,
                  "doNotVerifyRemoteGateways": false,
                  "enableOnlyIPv6Peering": false,
                  "peerCompleteVnets": true,
                  "remoteVirtualNetwork": {
                    "id": "/subscriptions/d1d0c4e7-df3f-41e7-bab1-56d09aecad39/resourceGroups/contoso-test-southeastasia-rg/providers/Microsoft.Network/virtualNetworks/contoso-southeastasia-vnet-test"
                  },
                  "useRemoteGateways": false
                }
              },
              "type": [
                "object",
                {
                  "properties": [
                    "object",
                    {
                      "allowForwardedTraffic": "bool",
                      "allowGatewayTransit": "bool",
                      "allowVirtualNetworkAccess": "bool",
                      "doNotVerifyRemoteGateways": "bool",
                      "enableOnlyIPv6Peering": "bool",
                      "peerCompleteVnets": "bool",
                      "remoteVirtualNetwork": [
                        "object",
                        {
                          "id": "string"
                        }
                      ],
                      "useRemoteGateways": "bool"
                    }
                  ]
                }
              ]
            },
            "create_headers": null,
            "create_query_parameters": null,
            "delete_headers": null,
            "delete_query_parameters": null,
            "id": "/subscriptions/d1d0c4e7-df3f-41e7-bab1-56d09aecad39/resourceGroups/contoso-test-eastus-rg/providers/Microsoft.Network/virtualNetworks/contoso-eastus-vnet-test/virtualNetworkPeerings/contoso-peering-eastus-to-southeastasia-test",
            "identity": [],
            "ignore_casing": false,
            "ignore_missing_property": true,
            "location": null,
            "locks": [
              "/subscriptions/d1d0c4e7-df3f-41e7-bab1-56d09aecad39/resourceGroups/contoso-test-eastus-rg/providers/Microsoft.Network/virtualNetworks/contoso-eastus-vnet-test"
            ],
            "name": "contoso-peering-eastus-to-southeastasia-test",
            "output": {
              "value": {
                "id": "/subscriptions/d1d0c4e7-df3f-41e7-bab1-56d09aecad39/resourceGroups/contoso-test-eastus-rg/providers/Microsoft.Network/virtualNetworks/contoso-eastus-vnet-test/virtualNetworkPeerings/contoso-peering-eastus-to-southeastasia-test",
                "properties": {
                  "provisioningState": "Succeeded",
                  "remoteAddressSpace": {
                    "addressPrefixes": [
                      "10.2.0.0/16"
                    ]
                  },
                  "remoteVirtualNetworkAddressSpace": {
                    "addressPrefixes": [
                      "10.2.0.0/16"
                    ]
                  },
                  "resourceGuid": "be74e28f-03da-0805-0bb2-72a6455b2237"
                },
                "type": "Microsoft.Network/virtualNetworks/virtualNetworkPeerings"
              },
              "type": [
                "object",
                {
                  "id": "string",
                  "properties": [
                    "object",
                    {
                      "provisioningState": "string",
                      "remoteAddressSpace": [
                        "object",
                        {
                          "addressPrefixes": [
                            "tuple",
                            [
                              "string"
                            ]
                          ]
                        }
                      ],
                      "remoteVirtualNetworkAddressSpace": [
                        "object",
                        {
                          "addressPrefixes": [
                            "tuple",
                            [
                              "string"
                            ]
                          ]
                        }
                      ],
                      "resourceGuid": "string"
                    }
                  ],
                  "type": "string"
                }
              ]
            },
            "parent_id": "/subscriptions/d1d0c4e7-df3f-41e7-bab1-56d09aecad39/resourceGroups/contoso-test-eastus-rg/providers/Microsoft.Network/virtualNetworks/contoso-eastus-vnet-test",
            "read_headers": null,
            "read_query_parameters": null,
            "replace_triggers_external_values": null,
            "replace_triggers_refs": null,
            "response_export_values": null,
            "retry": null,
            "schema_validation_enabled": true,
            "sensitive_body": null,
            "tags": null,
            "timeouts": null,
            "type": "Microsoft.Network/virtualNetworks/virtualNetworkPeerings@2023-11-01",
            "update_headers": null,
            "update_query_parameters": null
          },
          "sensitive_attributes": [],
          "private": "eyJzZW5zaXRpdmVfYm9keSI6ImV5Sm9ZWE5vSWpvaVpFTk9UMjFMTDI1VFdTc3hNblpJZW1GelRGaHBjM2Q2YkVkVU5WVklRVGRxUVVkWmEzWnRRM1ZSY3owaWZRPT0ifQ==",
          "dependencies": [
            "azurerm_resource_group.this",
            "module.vnet.azapi_resource.vnet",
            "module.vnet.azapi_update_resource.allow_drop_unencrypted_vnet",
            "module.vnet.azurerm_management_lock.this",
            "module.vnet.azurerm_monitor_diagnostic_setting.this",
            "module.vnet.azurerm_role_assignment.vnet_level",
            "module.vnet.data.azurerm_client_config.telemetry",
            "module.vnet.data.azurerm_client_config.this",
            "module.vnet.data.modtm_module_source.telemetry",
            "module.vnet.modtm_telemetry.telemetry",
            "module.vnet.module.peering.azapi_resource.address_space_peering",
            "module.vnet.module.peering.azapi_resource.reverse",
            "module.vnet.module.peering.azapi_resource.reverse_address_space_peering",
            "module.vnet.module.peering.azapi_resource.reverse_subnet_peering",
            "module.vnet.module.peering.azapi_resource.subnet_peering",
            "module.vnet.module.peering.azapi_resource.this",
            "module.vnet.module.peering.azapi_update_resource.allow_multiple_peering_links_between_vnets",
            "module.vnet.module.peering.azapi_update_resource.remote_allow_multiple_peering_links_between_vnets",
            "module.vnet.module.subnet.azapi_resource.subnet",
            "module.vnet.module.subnet.azapi_update_resource.allow_deletion_of_ip_prefix_from_subnet",
            "module.vnet.module.subnet.azapi_update_resource.allow_multiple_address_prefixes_on_subnet",
            "module.vnet.module.subnet.azapi_update_resource.enable_shared_vnet",
            "module.vnet.module.subnet.azurerm_role_assignment.subnet",
            "module.vnet.random_uuid.telemetry"
          ]
        }
      ]
    },
    {
      "module": "module.vnet_peerings[\"eastus-to-westeurope\"]",
      "mode": "managed",
      "type": "azapi_resource",
      "name": "this",
      "provider": "provider[\"registry.terraform.io/azure/azapi\"]",
      "instances": [
        {
          "index_key": 0,
          "schema_version": 2,
          "attributes": {
            "body": {
              "value": {
                "properties": {
                  "allowForwardedTraffic": true,
                  "allowGatewayTransit": true,
                  "allowVirtualNetworkAccess": true,
                  "doNotVerifyRemoteGateways": false,
                  "enableOnlyIPv6Peering": false,
                  "peerCompleteVnets": true,
                  "remoteVirtualNetwork": {
                    "id": "/subscriptions/d1d0c4e7-df3f-41e7-bab1-56d09aecad39/resourceGroups/contoso-test-westeurope-rg/providers/Microsoft.Network/virtualNetworks/contoso-westeurope-vnet-test"
                  },
                  "useRemoteGateways": false
                }
              },
              "type": [
                "object",
                {
                  "properties": [
                    "object",
                    {
                      "allowForwardedTraffic": "bool",
                      "allowGatewayTransit": "bool",
                      "allowVirtualNetworkAccess": "bool",
                      "doNotVerifyRemoteGateways": "bool",
                      "enableOnlyIPv6Peering": "bool",
                      "peerCompleteVnets": "bool",
                      "remoteVirtualNetwork": [
                        "object",
                        {
                          "id": "string"
                        }
                      ],
                      "useRemoteGateways": "bool"
                    }
                  ]
                }
              ]
            },
            "create_headers": null,
            "create_query_parameters": null,
            "delete_headers": null,
            "delete_query_parameters": null,
            "id": "/subscriptions/d1d0c4e7-df3f-41e7-bab1-56d09aecad39/resourceGroups/contoso-test-eastus-rg/providers/Microsoft.Network/virtualNetworks/contoso-eastus-vnet-test/virtualNetworkPeerings/contoso-peering-eastus-to-westeurope-test",
            "identity": [],
            "ignore_casing": false,
            "ignore_missing_property": true,
            "location": null,
            "locks": [
              "/subscriptions/d1d0c4e7-df3f-41e7-bab1-56d09aecad39/resourceGroups/contoso-test-eastus-rg/providers/Microsoft.Network/virtualNetworks/contoso-eastus-vnet-test"
            ],
            "name": "contoso-peering-eastus-to-westeurope-test",
            "output": {
              "value": {
                "id": "/subscriptions/d1d0c4e7-df3f-41e7-bab1-56d09aecad39/resourceGroups/contoso-test-eastus-rg/providers/Microsoft.Network/virtualNetworks/contoso-eastus-vnet-test/virtualNetworkPeerings/contoso-peering-eastus-to-westeurope-test",
                "properties": {
                  "provisioningState": "Succeeded",
                  "remoteAddressSpace": {
                    "addressPrefixes": [
                      "10.1.0.0/16"
                    ]
                  },
                  "remoteVirtualNetworkAddressSpace": {
                    "addressPrefixes": [
                      "10.1.0.0/16"
                    ]
                  },
                  "resourceGuid": "348ba08a-d060-04c4-2a9c-e325366942b5"
                },
                "type": "Microsoft.Network/virtualNetworks/virtualNetworkPeerings"
              },
              "type": [
                "object",
                {
                  "id": "string",
                  "properties": [
                    "object",
                    {
                      "provisioningState": "string",
                      "remoteAddressSpace": [
                        "object",
                        {
                          "addressPrefixes": [
                            "tuple",
                            [
                              "string"
                            ]
                          ]
                        }
                      ],
                      "remoteVirtualNetworkAddressSpace": [
                        "object",
                        {
                          "addressPrefixes": [
                            "tuple",
                            [
                              "string"
                            ]
                          ]
                        }
                      ],
                      "resourceGuid": "string"
                    }
                  ],
                  "type": "string"
                }
              ]
            },
            "parent_id": "/subscriptions/d1d0c4e7-df3f-41e7-bab1-56d09aecad39/resourceGroups/contoso-test-eastus-rg/providers/Microsoft.Network/virtualNetworks/contoso-eastus-vnet-test",
            "read_headers": null,
            "read_query_parameters": null,
            "replace_triggers_external_values": null,
            "replace_triggers_refs": null,
            "response_export_values": null,
            "retry": null,
            "schema_validation_enabled": true,
            "sensitive_body": null,
            "tags": null,
            "timeouts": null,
            "type": "Microsoft.Network/virtualNetworks/virtualNetworkPeerings@2023-11-01",
            "update_headers": null,
            "update_query_parameters": null
          },
          "sensitive_attributes": [],
          "private": "eyJzZW5zaXRpdmVfYm9keSI6ImV5Sm9ZWE5vSWpvaVpFTk9UMjFMTDI1VFdTc3hNblpJZW1GelRGaHBjM2Q2YkVkVU5WVklRVGRxUVVkWmEzWnRRM1ZSY3owaWZRPT0ifQ==",
          "dependencies": [
            "azurerm_resource_group.this",
            "module.vnet.azapi_resource.vnet",
            "module.vnet.azapi_update_resource.allow_drop_unencrypted_vnet",
            "module.vnet.azurerm_management_lock.this",
            "module.vnet.azurerm_monitor_diagnostic_setting.this",
            "module.vnet.azurerm_role_assignment.vnet_level",
            "module.vnet.data.azurerm_client_config.telemetry",
            "module.vnet.data.azurerm_client_config.this",
            "module.vnet.data.modtm_module_source.telemetry",
            "module.vnet.modtm_telemetry.telemetry",
            "module.vnet.module.peering.azapi_resource.address_space_peering",
            "module.vnet.module.peering.azapi_resource.reverse",
            "module.vnet.module.peering.azapi_resource.reverse_address_space_peering",
            "module.vnet.module.peering.azapi_resource.reverse_subnet_peering",
            "module.vnet.module.peering.azapi_resource.subnet_peering",
            "module.vnet.module.peering.azapi_resource.this",
            "module.vnet.module.peering.azapi_update_resource.allow_multiple_peering_links_between_vnets",
            "module.vnet.module.peering.azapi_update_resource.remote_allow_multiple_peering_links_between_vnets",
            "module.vnet.module.subnet.azapi_resource.subnet",
            "module.vnet.module.subnet.azapi_update_resource.allow_deletion_of_ip_prefix_from_subnet",
            "module.vnet.module.subnet.azapi_update_resource.allow_multiple_address_prefixes_on_subnet",
            "module.vnet.module.subnet.azapi_update_resource.enable_shared_vnet",
            "module.vnet.module.subnet.azurerm_role_assignment.subnet",
            "module.vnet.random_uuid.telemetry"
          ]
        }
      ]
    },
    {
      "module": "module.vnet_peerings[\"southeastasia-to-westeurope\"]",
      "mode": "managed",
      "type": "azapi_resource",
      "name": "reverse",
      "provider": "provider[\"registry.terraform.io/azure/azapi\"]",
      "instances": [
        {
          "index_key": 0,
          "schema_version": 2,
          "attributes": {
            "body": {
              "value": {
                "properties": {
                  "allowForwardedTraffic": true,
                  "allowGatewayTransit": false,
                  "allowVirtualNetworkAccess": true,
                  "doNotVerifyRemoteGateways": false,
                  "enableOnlyIPv6Peering": false,
                  "peerCompleteVnets": true,
                  "remoteVirtualNetwork": {
                    "id": "/subscriptions/d1d0c4e7-df3f-41e7-bab1-56d09aecad39/resourceGroups/contoso-test-southeastasia-rg/providers/Microsoft.Network/virtualNetworks/contoso-southeastasia-vnet-test"
                  },
                  "useRemoteGateways": false
                }
              },
              "type": [
                "object",
                {
                  "properties": [
                    "object",
                    {
                      "allowForwardedTraffic": "bool",
                      "allowGatewayTransit": "bool",
                      "allowVirtualNetworkAccess": "bool",
                      "doNotVerifyRemoteGateways": "bool",
                      "enableOnlyIPv6Peering": "bool",
                      "peerCompleteVnets": "bool",
                      "remoteVirtualNetwork": [
                        "object",
                        {
                          "id": "string"
                        }
                      ],
                      "useRemoteGateways": "bool"
                    }
                  ]
                }
              ]
            },
            "create_headers": null,
            "create_query_parameters": null,
            "delete_headers": null,
            "delete_query_parameters": null,
            "id": "/subscriptions/d1d0c4e7-df3f-41e7-bab1-56d09aecad39/resourceGroups/contoso-test-westeurope-rg/providers/Microsoft.Network/virtualNetworks/contoso-westeurope-vnet-test/virtualNetworkPeerings/contoso-peering-westeurope-to-southeastasia-test",
            "identity": [],
            "ignore_casing": false,
            "ignore_missing_property": true,
            "location": null,
            "locks": [
              "/subscriptions/d1d0c4e7-df3f-41e7-bab1-56d09aecad39/resourceGroups/contoso-test-westeurope-rg/providers/Microsoft.Network/virtualNetworks/contoso-westeurope-vnet-test"
            ],
            "name": "contoso-peering-westeurope-to-southeastasia-test",
            "output": {
              "value": {
                "id": "/subscriptions/d1d0c4e7-df3f-41e7-bab1-56d09aecad39/resourceGroups/contoso-test-westeurope-rg/providers/Microsoft.Network/virtualNetworks/contoso-westeurope-vnet-test/virtualNetworkPeerings/contoso-peering-westeurope-to-southeastasia-test",
                "properties": {
                  "provisioningState": "Succeeded",
                  "remoteAddressSpace": {
                    "addressPrefixes": [
                      "10.2.0.0/16"
                    ]
                  },
                  "remoteVirtualNetworkAddressSpace": {
                    "addressPrefixes": [
                      "10.2.0.0/16"
                    ]
                  },
                  "resourceGuid": "8aff4205-d3ba-0cc1-212e-918373326082"
                },
                "type": "Microsoft.Network/virtualNetworks/virtualNetworkPeerings"
              },
              "type": [
                "object",
                {
                  "id": "string",
                  "properties": [
                    "object",
                    {
                      "provisioningState": "string",
                      "remoteAddressSpace": [
                        "object",
                        {
                          "addressPrefixes": [
                            "tuple",
                            [
                              "string"
                            ]
                          ]
                        }
                      ],
                      "remoteVirtualNetworkAddressSpace": [
                        "object",
                        {
                          "addressPrefixes": [
                            "tuple",
                            [
                              "string"
                            ]
                          ]
                        }
                      ],
                      "resourceGuid": "string"
                    }
                  ],
                  "type": "string"
                }
              ]
            },
            "parent_id": "/subscriptions/d1d0c4e7-df3f-41e7-bab1-56d09aecad39/resourceGroups/contoso-test-westeurope-rg/providers/Microsoft.Network/virtualNetworks/contoso-westeurope-vnet-test",
            "read_headers": null,
            "read_query_parameters": null,
            "replace_triggers_external_values": null,
            "replace_triggers_refs": null,
            "response_export_values": null,
            "retry": null,
            "schema_validation_enabled": true,
            "sensitive_body": null,
            "tags": null,
            "timeouts": null,
            "type": "Microsoft.Network/virtualNetworks/virtualNetworkPeerings@2023-11-01",
            "update_headers": null,
            "update_query_parameters": null
          },
          "sensitive_attributes": [],
          "private": "eyJzZW5zaXRpdmVfYm9keSI6ImV5Sm9ZWE5vSWpvaVpFTk9UMjFMTDI1VFdTc3hNblpJZW1GelRGaHBjM2Q2YkVkVU5WVklRVGRxUVVkWmEzWnRRM1ZSY3owaWZRPT0ifQ==",
          "dependencies": [
            "azurerm_resource_group.this",
            "module.vnet.azapi_resource.vnet",
            "module.vnet.azapi_update_resource.allow_drop_unencrypted_vnet",
            "module.vnet.azurerm_management_lock.this",
            "module.vnet.azurerm_monitor_diagnostic_setting.this",
            "module.vnet.azurerm_role_assignment.vnet_level",
            "module.vnet.data.azurerm_client_config.telemetry",
            "module.vnet.data.azurerm_client_config.this",
            "module.vnet.data.modtm_module_source.telemetry",
            "module.vnet.modtm_telemetry.telemetry",
            "module.vnet.module.peering.azapi_resource.address_space_peering",
            "module.vnet.module.peering.azapi_resource.reverse",
            "module.vnet.module.peering.azapi_resource.reverse_address_space_peering",
            "module.vnet.module.peering.azapi_resource.reverse_subnet_peering",
            "module.vnet.module.peering.azapi_resource.subnet_peering",
            "module.vnet.module.peering.azapi_resource.this",
            "module.vnet.module.peering.azapi_update_resource.allow_multiple_peering_links_between_vnets",
            "module.vnet.module.peering.azapi_update_resource.remote_allow_multiple_peering_links_between_vnets",
            "module.vnet.module.subnet.azapi_resource.subnet",
            "module.vnet.module.subnet.azapi_update_resource.allow_deletion_of_ip_prefix_from_subnet",
            "module.vnet.module.subnet.azapi_update_resource.allow_multiple_address_prefixes_on_subnet",
            "module.vnet.module.subnet.azapi_update_resource.enable_shared_vnet",
            "module.vnet.module.subnet.azurerm_role_assignment.subnet",
            "module.vnet.random_uuid.telemetry",
            "module.vnet_peerings.azapi_resource.this"
          ]
        }
      ]
    },
    {
      "module": "module.vnet_peerings[\"southeastasia-to-westeurope\"]",
      "mode": "managed",
      "type": "azapi_resource",
      "name": "this",
      "provider": "provider[\"registry.terraform.io/azure/azapi\"]",
      "instances": [
        {
          "index_key": 0,
          "schema_version": 2,
          "attributes": {
            "body": {
              "value": {
                "properties": {
                  "allowForwardedTraffic": true,
                  "allowGatewayTransit": true,
                  "allowVirtualNetworkAccess": true,
                  "doNotVerifyRemoteGateways": false,
                  "enableOnlyIPv6Peering": false,
                  "peerCompleteVnets": true,
                  "remoteVirtualNetwork": {
                    "id": "/subscriptions/d1d0c4e7-df3f-41e7-bab1-56d09aecad39/resourceGroups/contoso-test-westeurope-rg/providers/Microsoft.Network/virtualNetworks/contoso-westeurope-vnet-test"
                  },
                  "useRemoteGateways": false
                }
              },
              "type": [
                "object",
                {
                  "properties": [
                    "object",
                    {
                      "allowForwardedTraffic": "bool",
                      "allowGatewayTransit": "bool",
                      "allowVirtualNetworkAccess": "bool",
                      "doNotVerifyRemoteGateways": "bool",
                      "enableOnlyIPv6Peering": "bool",
                      "peerCompleteVnets": "bool",
                      "remoteVirtualNetwork": [
                        "object",
                        {
                          "id": "string"
                        }
                      ],
                      "useRemoteGateways": "bool"
                    }
                  ]
                }
              ]
            },
            "create_headers": null,
            "create_query_parameters": null,
            "delete_headers": null,
            "delete_query_parameters": null,
            "id": "/subscriptions/d1d0c4e7-df3f-41e7-bab1-56d09aecad39/resourceGroups/contoso-test-southeastasia-rg/providers/Microsoft.Network/virtualNetworks/contoso-southeastasia-vnet-test/virtualNetworkPeerings/contoso-peering-southeastasia-to-westeurope-test",
            "identity": [],
            "ignore_casing": false,
            "ignore_missing_property": true,
            "location": null,
            "locks": [
              "/subscriptions/d1d0c4e7-df3f-41e7-bab1-56d09aecad39/resourceGroups/contoso-test-southeastasia-rg/providers/Microsoft.Network/virtualNetworks/contoso-southeastasia-vnet-test"
            ],
            "name": "contoso-peering-southeastasia-to-westeurope-test",
            "output": {
              "value": {
                "id": "/subscriptions/d1d0c4e7-df3f-41e7-bab1-56d09aecad39/resourceGroups/contoso-test-southeastasia-rg/providers/Microsoft.Network/virtualNetworks/contoso-southeastasia-vnet-test/virtualNetworkPeerings/contoso-peering-southeastasia-to-westeurope-test",
                "properties": {
                  "provisioningState": "Succeeded",
                  "remoteAddressSpace": {
                    "addressPrefixes": [
                      "10.1.0.0/16"
                    ]
                  },
                  "remoteVirtualNetworkAddressSpace": {
                    "addressPrefixes": [
                      "10.1.0.0/16"
                    ]
                  },
                  "resourceGuid": "8aff4205-d3ba-0cc1-212e-918373326082"
                },
                "type": "Microsoft.Network/virtualNetworks/virtualNetworkPeerings"
              },
              "type": [
                "object",
                {
                  "id": "string",
                  "properties": [
                    "object",
                    {
                      "provisioningState": "string",
                      "remoteAddressSpace": [
                        "object",
                        {
                          "addressPrefixes": [
                            "tuple",
                            [
                              "string"
                            ]
                          ]
                        }
                      ],
                      "remoteVirtualNetworkAddressSpace": [
                        "object",
                        {
                          "addressPrefixes": [
                            "tuple",
                            [
                              "string"
                            ]
                          ]
                        }
                      ],
                      "resourceGuid": "string"
                    }
                  ],
                  "type": "string"
                }
              ]
            },
            "parent_id": "/subscriptions/d1d0c4e7-df3f-41e7-bab1-56d09aecad39/resourceGroups/contoso-test-southeastasia-rg/providers/Microsoft.Network/virtualNetworks/contoso-southeastasia-vnet-test",
            "read_headers": null,
            "read_query_parameters": null,
            "replace_triggers_external_values": null,
            "replace_triggers_refs": null,
            "response_export_values": null,
            "retry": null,
            "schema_validation_enabled": true,
            "sensitive_body": null,
            "tags": null,
            "timeouts": null,
            "type": "Microsoft.Network/virtualNetworks/virtualNetworkPeerings@2023-11-01",
            "update_headers": null,
            "update_query_parameters": null
          },
          "sensitive_attributes": [],
          "private": "eyJzZW5zaXRpdmVfYm9keSI6ImV5Sm9ZWE5vSWpvaVpFTk9UMjFMTDI1VFdTc3hNblpJZW1GelRGaHBjM2Q2YkVkVU5WVklRVGRxUVVkWmEzWnRRM1ZSY3owaWZRPT0ifQ==",
          "dependencies": [
            "azurerm_resource_group.this",
            "module.vnet.azapi_resource.vnet",
            "module.vnet.azapi_update_resource.allow_drop_unencrypted_vnet",
            "module.vnet.azurerm_management_lock.this",
            "module.vnet.azurerm_monitor_diagnostic_setting.this",
            "module.vnet.azurerm_role_assignment.vnet_level",
            "module.vnet.data.azurerm_client_config.telemetry",
            "module.vnet.data.azurerm_client_config.this",
            "module.vnet.data.modtm_module_source.telemetry",
            "module.vnet.modtm_telemetry.telemetry",
            "module.vnet.module.peering.azapi_resource.address_space_peering",
            "module.vnet.module.peering.azapi_resource.reverse",
            "module.vnet.module.peering.azapi_resource.reverse_address_space_peering",
            "module.vnet.module.peering.azapi_resource.reverse_subnet_peering",
            "module.vnet.module.peering.azapi_resource.subnet_peering",
            "module.vnet.module.peering.azapi_resource.this",
            "module.vnet.module.peering.azapi_update_resource.allow_multiple_peering_links_between_vnets",
            "module.vnet.module.peering.azapi_update_resource.remote_allow_multiple_peering_links_between_vnets",
            "module.vnet.module.subnet.azapi_resource.subnet",
            "module.vnet.module.subnet.azapi_update_resource.allow_deletion_of_ip_prefix_from_subnet",
            "module.vnet.module.subnet.azapi_update_resource.allow_multiple_address_prefixes_on_subnet",
            "module.vnet.module.subnet.azapi_update_resource.enable_shared_vnet",
            "module.vnet.module.subnet.azurerm_role_assignment.subnet",
            "module.vnet.random_uuid.telemetry"
          ]
        }
      ]
    }
  ],
  "check_results": [
    {
      "object_kind": "var",
      "config_addr": "module.vnet.var.extended_location",
      "status": "pass",
      "objects": [
        {
          "object_addr": "module.vnet[\"southeastasia\"].var.extended_location",
          "status": "pass"
        },
        {
          "object_addr": "module.vnet[\"westeurope\"].var.extended_location",
          "status": "pass"
        },
        {
          "object_addr": "module.vnet[\"eastus\"].var.extended_location",
          "status": "pass"
        }
      ]
    },
    {
      "object_kind": "var",
      "config_addr": "module.vnet.var.subnets",
      "status": "pass",
      "objects": [
        {
          "object_addr": "module.vnet[\"eastus\"].var.subnets",
          "status": "pass"
        },
        {
          "object_addr": "module.vnet[\"southeastasia\"].var.subnets",
          "status": "pass"
        },
        {
          "object_addr": "module.vnet[\"westeurope\"].var.subnets",
          "status": "pass"
        }
      ]
    },
    {
      "object_kind": "var",
      "config_addr": "module.vnet_peerings.var.peer_complete_vnets",
      "status": "pass",
      "objects": [
        {
          "object_addr": "module.vnet_peerings[\"eastus-to-westeurope\"].var.peer_complete_vnets",
          "status": "pass"
        },
        {
          "object_addr": "module.vnet_peerings[\"southeastasia-to-westeurope\"].var.peer_complete_vnets",
          "status": "pass"
        },
        {
          "object_addr": "module.vnet_peerings[\"eastus-to-southeastasia\"].var.peer_complete_vnets",
          "status": "pass"
        }
      ]
    },
    {
      "object_kind": "var",
      "config_addr": "module.vnet.module.subnet.var.private_endpoint_network_policies",
      "status": "pass",
      "objects": null
    },
    {
      "object_kind": "var",
      "config_addr": "module.vnet.module.peering.var.reverse_peer_complete_vnets",
      "status": "pass",
      "objects": null
    },
    {
      "object_kind": "var",
      "config_addr": "module.vnet.var.lock",
      "status": "pass",
      "objects": [
        {
          "object_addr": "module.vnet[\"eastus\"].var.lock",
          "status": "pass"
        },
        {
          "object_addr": "module.vnet[\"southeastasia\"].var.lock",
          "status": "pass"
        },
        {
          "object_addr": "module.vnet[\"westeurope\"].var.lock",
          "status": "pass"
        }
      ]
    },
    {
      "object_kind": "var",
      "config_addr": "module.vnet.module.peering.var.peer_complete_vnets",
      "status": "pass",
      "objects": null
    },
    {
      "object_kind": "var",
      "config_addr": "module.vnet.var.encryption",
      "status": "pass",
      "objects": [
        {
          "object_addr": "module.vnet[\"eastus\"].var.encryption",
          "status": "pass"
        },
        {
          "object_addr": "module.vnet[\"southeastasia\"].var.encryption",
          "status": "pass"
        },
        {
          "object_addr": "module.vnet[\"westeurope\"].var.encryption",
          "status": "pass"
        }
      ]
    },
    {
      "object_kind": "var",
      "config_addr": "module.vnet_peerings.var.reverse_peer_complete_vnets",
      "status": "pass",
      "objects": [
        {
          "object_addr": "module.vnet_peerings[\"eastus-to-westeurope\"].var.reverse_peer_complete_vnets",
          "status": "pass"
        },
        {
          "object_addr": "module.vnet_peerings[\"southeastasia-to-westeurope\"].var.reverse_peer_complete_vnets",
          "status": "pass"
        },
        {
          "object_addr": "module.vnet_peerings[\"eastus-to-southeastasia\"].var.reverse_peer_complete_vnets",
          "status": "pass"
        }
      ]
    },
    {
      "object_kind": "var",
      "config_addr": "module.vnet.module.subnet.var.address_prefixes",
      "status": "pass",
      "objects": null
    },
    {
      "object_kind": "var",
      "config_addr": "module.vnet.module.subnet.var.sharing_scope",
      "status": "pass",
      "objects": null
    },
    {
      "object_kind": "var",
      "config_addr": "module.vnet.var.diagnostic_settings",
      "status": "pass",
      "objects": [
        {
          "object_addr": "module.vnet[\"southeastasia\"].var.diagnostic_settings",
          "status": "pass"
        },
        {
          "object_addr": "module.vnet[\"westeurope\"].var.diagnostic_settings",
          "status": "pass"
        },
        {
          "object_addr": "module.vnet[\"eastus\"].var.diagnostic_settings",
          "status": "pass"
        }
      ]
    },
    {
      "object_kind": "var",
      "config_addr": "module.vnet.var.address_space",
      "status": "pass",
      "objects": [
        {
          "object_addr": "module.vnet[\"southeastasia\"].var.address_space",
          "status": "pass"
        },
        {
          "object_addr": "module.vnet[\"westeurope\"].var.address_space",
          "status": "pass"
        },
        {
          "object_addr": "module.vnet[\"eastus\"].var.address_space",
          "status": "pass"
        }
      ]
    }
  ]
}
